
Microsoft Visual Studio Solution File, Format Version 12.00
# Visual Studio 14
VisualStudioVersion = 14.0.24720.0
MinimumVisualStudioVersion = 10.0.40219.1
Project("{FAE04EC0-301F-11D3-BF4B-00C04F79EFBC}") = "Playground.Web", "Playground.Web\Playground.Web.csproj", "{719D0EA9-31BB-4136-91E9-15024D85FC62}"
EndProject
Project("{FAE04EC0-301F-11D3-BF4B-00C04F79EFBC}") = "Playground.Web.UnitTests", "Playground.Web.UnitTests\Playground.Web.UnitTests.csproj", "{76F02388-95BD-4984-91A1-D9C05C7C45D7}"
EndProject
Project("{FAE04EC0-301F-11D3-BF4B-00C04F79EFBC}") = "Playground.Web.Services", "Playground.Web.Services\Playground.Web.Services.csproj", "{CDB1C62B-67AD-4390-B8CE-A6AA0E06EC41}"
EndProject
Project("{FAE04EC0-301F-11D3-BF4B-00C04F79EFBC}") = "Playground.Data.Read", "Playground.Data.Read\Playground.Data.Read.csproj", "{9863E2A3-05BF-40B0-9034-9C68519E9812}"
EndProject
Project("{FAE04EC0-301F-11D3-BF4B-00C04F79EFBC}") = "Playground.Data.Write", "Playground.Data.Write\Playground.Data.Write.csproj", "{77F43C7A-4D7F-4B4C-95B5-BC65AC958C94}"
EndProject
Project("{2150E333-8FDC-42A3-9474-1A3956D46DE8}") = "Infrastructure", "Infrastructure", "{AD17F489-3ED7-49C9-88E9-0CEE36A6EE63}"
EndProject
Project("{2150E333-8FDC-42A3-9474-1A3956D46DE8}") = "Web", "Web", "{99B87A36-B826-452D-81CC-6B8474E5B07C}"
EndProject
Project("{2150E333-8FDC-42A3-9474-1A3956D46DE8}") = "Domain", "Domain", "{6201BFB5-C03B-4B12-844B-49482F99D381}"
EndProject
Project("{FAE04EC0-301F-11D3-BF4B-00C04F79EFBC}") = "Playground.Domain", "Playground.Domain\Playground.Domain.csproj", "{8FADAEAB-60CF-48CF-BF65-54C592A2C272}"
EndProject
Project("{FAE04EC0-301F-11D3-BF4B-00C04F79EFBC}") = "Playground.Domain.Messages", "Playground.Domain.Messages\Playground.Domain.Messages.csproj", "{B8101C47-2AF9-476E-9F4A-52AF03CCD7E7}"
EndProject
Project("{FAE04EC0-301F-11D3-BF4B-00C04F79EFBC}") = "Playground.Domain.Messages.Handlers", "Playground.Domain.Messages.Handlers\Playground.Domain.Messages.Handlers.csproj", "{71AE8808-C9CF-494D-931A-2AB156BA0432}"
EndProject
Project("{2150E333-8FDC-42A3-9474-1A3956D46DE8}") = "Tests", "Tests", "{EF84BBFB-0A7C-465B-BBAE-BA83BF48E649}"
EndProject
Project("{2150E333-8FDC-42A3-9474-1A3956D46DE8}") = "Tests", "Tests", "{1A2A2493-1CFA-41A3-99D4-C45ACD38C0C1}"
EndProject
Project("{2150E333-8FDC-42A3-9474-1A3956D46DE8}") = "Tests", "Tests", "{942C45A3-4393-46E6-818F-3A2E66291402}"
EndProject
Project("{FAE04EC0-301F-11D3-BF4B-00C04F79EFBC}") = "Playground.Web.Services.Contracts", "Playground.Web.Services.Contracts\Playground.Web.Services.Contracts.csproj", "{4B14567B-F920-4A03-BC9B-A43CE75237A4}"
EndProject
Project("{2150E333-8FDC-42A3-9474-1A3956D46DE8}") = "Common", "Common", "{7FB012E0-CAB9-4BCB-82B6-F3D2881F4863}"
EndProject
Project("{FAE04EC0-301F-11D3-BF4B-00C04F79EFBC}") = "Playground.Core", "Playground.Core\Playground.Core.csproj", "{751BE90E-7BD6-46D5-9323-2098E6CCF1CA}"
EndProject
Project("{FAE04EC0-301F-11D3-BF4B-00C04F79EFBC}") = "Playground.Logging.Serilog", "Playground.Logging.Serilog\Playground.Logging.Serilog.csproj", "{18F24586-BA40-4760-9138-532F90A2C046}"
EndProject
Project("{FAE04EC0-301F-11D3-BF4B-00C04F79EFBC}") = "Playground.Logging.Serilog.Autofac", "Playground.Logging.Serilog.Autofac\Playground.Logging.Serilog.Autofac.csproj", "{F39FA2D4-6377-4BBB-AA96-3F7D23D5C593}"
EndProject
Project("{2150E333-8FDC-42A3-9474-1A3956D46DE8}") = "Logging", "Logging", "{7EBEB4E1-4CCD-4319-8B55-49D5BCCF29B2}"
EndProject
Project("{2150E333-8FDC-42A3-9474-1A3956D46DE8}") = "QueryService", "QueryService", "{29A0CE26-6DEC-4DEC-95A3-704418B5CAE0}"
EndProject
Project("{FAE04EC0-301F-11D3-BF4B-00C04F79EFBC}") = "Playground.QueryService.Contracts", "Playground.QueryService.Contracts\Playground.QueryService.Contracts.csproj", "{A0E4096A-8D47-4167-9669-A7B8D2C1ADB8}"
EndProject
Project("{FAE04EC0-301F-11D3-BF4B-00C04F79EFBC}") = "Playground.QueryService.InMemory", "Playground.QueryService.InMemory\Playground.QueryService.InMemory.csproj", "{5214DBFD-7781-4B03-AFF4-368CF634835B}"
EndProject
Project("{2150E333-8FDC-42A3-9474-1A3956D46DE8}") = "DependencyResolver", "DependencyResolver", "{7CE99ECA-CA3E-4831-8332-B54EFE9D010D}"
EndProject
Project("{FAE04EC0-301F-11D3-BF4B-00C04F79EFBC}") = "Playground.DependencyResolver.Contracts", "Playground.DependencyResolver.Contracts\Playground.DependencyResolver.Contracts.csproj", "{EED64DC6-A6B0-4DDD-9725-5A11021F4221}"
EndProject
Project("{FAE04EC0-301F-11D3-BF4B-00C04F79EFBC}") = "Playground.DependencyResolver.Autofac", "Playground.DependencyResolver.Autofac\Playground.DependencyResolver.Autofac.csproj", "{6BCA599F-A8C2-46F8-BF0D-3EB9DD1ABAEA}"
EndProject
Project("{FAE04EC0-301F-11D3-BF4B-00C04F79EFBC}") = "Playground.QueryService.InMemory.Autofac", "Playground.QueryService.InMemory.Autofac\Playground.QueryService.InMemory.Autofac.csproj", "{ED175880-ECF4-4696-ABD0-B39AD38C27BB}"
EndProject
Project("{FAE04EC0-301F-11D3-BF4B-00C04F79EFBC}") = "Playground.Web.Services.Queries", "Playground.Web.Services.Queries\Playground.Web.Services.Queries.csproj", "{AEA69604-A601-4C3D-A27A-BD7ECAACAF10}"
EndProject
Project("{FAE04EC0-301F-11D3-BF4B-00C04F79EFBC}") = "Playground.Web.Services.Queries.Handlers", "Playground.Web.Services.Queries.Handlers\Playground.Web.Services.Queries.Handlers.csproj", "{2235A509-EB29-44CE-929D-82FA2F5C43C0}"
EndProject
Project("{FAE04EC0-301F-11D3-BF4B-00C04F79EFBC}") = "Playground.Data.Contracts", "Playground.Data.Contracts\Playground.Data.Contracts.csproj", "{DB5F5DBE-547B-424E-ABB9-EA63327C8615}"
EndProject
Project("{2150E333-8FDC-42A3-9474-1A3956D46DE8}") = "Data", "Data", "{2AB3B380-DD43-424A-9D73-0C38361FFB5C}"
EndProject
Project("{FAE04EC0-301F-11D3-BF4B-00C04F79EFBC}") = "Playground.Data.Dapper", "Playground.Data.Dapper\Playground.Data.Dapper.csproj", "{7C3A5403-374A-4C0A-8E08-89E816D1B3ED}"
EndProject
Project("{2150E333-8FDC-42A3-9474-1A3956D46DE8}") = "Tests", "Tests", "{AFCE393A-5384-4583-9963-535111784200}"
EndProject
Project("{FAE04EC0-301F-11D3-BF4B-00C04F79EFBC}") = "Playground.Data.Dapper.Tests", "Playground.Data.Dapper.Tests\Playground.Data.Dapper.Tests.csproj", "{0A296093-A2D1-4F4A-AF76-B7EA60799556}"
EndProject
Project("{FAE04EC0-301F-11D3-BF4B-00C04F79EFBC}") = "Playground.Tests", "Playground.Tests\Playground.Tests.csproj", "{128691BD-75CA-4303-947D-B8D7062510EC}"
EndProject
Global
	GlobalSection(SolutionConfigurationPlatforms) = preSolution
		Debug|Any CPU = Debug|Any CPU
		Release|Any CPU = Release|Any CPU
	EndGlobalSection
	GlobalSection(ProjectConfigurationPlatforms) = postSolution
		{719D0EA9-31BB-4136-91E9-15024D85FC62}.Debug|Any CPU.ActiveCfg = Debug|Any CPU
		{719D0EA9-31BB-4136-91E9-15024D85FC62}.Debug|Any CPU.Build.0 = Debug|Any CPU
		{719D0EA9-31BB-4136-91E9-15024D85FC62}.Release|Any CPU.ActiveCfg = Release|Any CPU
		{719D0EA9-31BB-4136-91E9-15024D85FC62}.Release|Any CPU.Build.0 = Release|Any CPU
		{76F02388-95BD-4984-91A1-D9C05C7C45D7}.Debug|Any CPU.ActiveCfg = Debug|Any CPU
		{76F02388-95BD-4984-91A1-D9C05C7C45D7}.Debug|Any CPU.Build.0 = Debug|Any CPU
		{76F02388-95BD-4984-91A1-D9C05C7C45D7}.Release|Any CPU.ActiveCfg = Release|Any CPU
		{76F02388-95BD-4984-91A1-D9C05C7C45D7}.Release|Any CPU.Build.0 = Release|Any CPU
		{CDB1C62B-67AD-4390-B8CE-A6AA0E06EC41}.Debug|Any CPU.ActiveCfg = Debug|Any CPU
		{CDB1C62B-67AD-4390-B8CE-A6AA0E06EC41}.Debug|Any CPU.Build.0 = Debug|Any CPU
		{CDB1C62B-67AD-4390-B8CE-A6AA0E06EC41}.Release|Any CPU.ActiveCfg = Release|Any CPU
		{CDB1C62B-67AD-4390-B8CE-A6AA0E06EC41}.Release|Any CPU.Build.0 = Release|Any CPU
		{9863E2A3-05BF-40B0-9034-9C68519E9812}.Debug|Any CPU.ActiveCfg = Debug|Any CPU
		{9863E2A3-05BF-40B0-9034-9C68519E9812}.Debug|Any CPU.Build.0 = Debug|Any CPU
		{9863E2A3-05BF-40B0-9034-9C68519E9812}.Release|Any CPU.ActiveCfg = Release|Any CPU
		{9863E2A3-05BF-40B0-9034-9C68519E9812}.Release|Any CPU.Build.0 = Release|Any CPU
		{77F43C7A-4D7F-4B4C-95B5-BC65AC958C94}.Debug|Any CPU.ActiveCfg = Debug|Any CPU
		{77F43C7A-4D7F-4B4C-95B5-BC65AC958C94}.Debug|Any CPU.Build.0 = Debug|Any CPU
		{77F43C7A-4D7F-4B4C-95B5-BC65AC958C94}.Release|Any CPU.ActiveCfg = Release|Any CPU
		{77F43C7A-4D7F-4B4C-95B5-BC65AC958C94}.Release|Any CPU.Build.0 = Release|Any CPU
		{8FADAEAB-60CF-48CF-BF65-54C592A2C272}.Debug|Any CPU.ActiveCfg = Debug|Any CPU
		{8FADAEAB-60CF-48CF-BF65-54C592A2C272}.Debug|Any CPU.Build.0 = Debug|Any CPU
		{8FADAEAB-60CF-48CF-BF65-54C592A2C272}.Release|Any CPU.ActiveCfg = Release|Any CPU
		{8FADAEAB-60CF-48CF-BF65-54C592A2C272}.Release|Any CPU.Build.0 = Release|Any CPU
		{B8101C47-2AF9-476E-9F4A-52AF03CCD7E7}.Debug|Any CPU.ActiveCfg = Debug|Any CPU
		{B8101C47-2AF9-476E-9F4A-52AF03CCD7E7}.Debug|Any CPU.Build.0 = Debug|Any CPU
		{B8101C47-2AF9-476E-9F4A-52AF03CCD7E7}.Release|Any CPU.ActiveCfg = Release|Any CPU
		{B8101C47-2AF9-476E-9F4A-52AF03CCD7E7}.Release|Any CPU.Build.0 = Release|Any CPU
		{71AE8808-C9CF-494D-931A-2AB156BA0432}.Debug|Any CPU.ActiveCfg = Debug|Any CPU
		{71AE8808-C9CF-494D-931A-2AB156BA0432}.Debug|Any CPU.Build.0 = Debug|Any CPU
		{71AE8808-C9CF-494D-931A-2AB156BA0432}.Release|Any CPU.ActiveCfg = Release|Any CPU
		{71AE8808-C9CF-494D-931A-2AB156BA0432}.Release|Any CPU.Build.0 = Release|Any CPU
		{4B14567B-F920-4A03-BC9B-A43CE75237A4}.Debug|Any CPU.ActiveCfg = Debug|Any CPU
		{4B14567B-F920-4A03-BC9B-A43CE75237A4}.Debug|Any CPU.Build.0 = Debug|Any CPU
		{4B14567B-F920-4A03-BC9B-A43CE75237A4}.Release|Any CPU.ActiveCfg = Release|Any CPU
		{4B14567B-F920-4A03-BC9B-A43CE75237A4}.Release|Any CPU.Build.0 = Release|Any CPU
		{751BE90E-7BD6-46D5-9323-2098E6CCF1CA}.Debug|Any CPU.ActiveCfg = Debug|Any CPU
		{751BE90E-7BD6-46D5-9323-2098E6CCF1CA}.Debug|Any CPU.Build.0 = Debug|Any CPU
		{751BE90E-7BD6-46D5-9323-2098E6CCF1CA}.Release|Any CPU.ActiveCfg = Release|Any CPU
		{751BE90E-7BD6-46D5-9323-2098E6CCF1CA}.Release|Any CPU.Build.0 = Release|Any CPU
		{18F24586-BA40-4760-9138-532F90A2C046}.Debug|Any CPU.ActiveCfg = Debug|Any CPU
		{18F24586-BA40-4760-9138-532F90A2C046}.Debug|Any CPU.Build.0 = Debug|Any CPU
		{18F24586-BA40-4760-9138-532F90A2C046}.Release|Any CPU.ActiveCfg = Release|Any CPU
		{18F24586-BA40-4760-9138-532F90A2C046}.Release|Any CPU.Build.0 = Release|Any CPU
		{F39FA2D4-6377-4BBB-AA96-3F7D23D5C593}.Debug|Any CPU.ActiveCfg = Debug|Any CPU
		{F39FA2D4-6377-4BBB-AA96-3F7D23D5C593}.Debug|Any CPU.Build.0 = Debug|Any CPU
		{F39FA2D4-6377-4BBB-AA96-3F7D23D5C593}.Release|Any CPU.ActiveCfg = Release|Any CPU
		{F39FA2D4-6377-4BBB-AA96-3F7D23D5C593}.Release|Any CPU.Build.0 = Release|Any CPU
		{A0E4096A-8D47-4167-9669-A7B8D2C1ADB8}.Debug|Any CPU.ActiveCfg = Debug|Any CPU
		{A0E4096A-8D47-4167-9669-A7B8D2C1ADB8}.Debug|Any CPU.Build.0 = Debug|Any CPU
		{A0E4096A-8D47-4167-9669-A7B8D2C1ADB8}.Release|Any CPU.ActiveCfg = Release|Any CPU
		{A0E4096A-8D47-4167-9669-A7B8D2C1ADB8}.Release|Any CPU.Build.0 = Release|Any CPU
		{5214DBFD-7781-4B03-AFF4-368CF634835B}.Debug|Any CPU.ActiveCfg = Debug|Any CPU
		{5214DBFD-7781-4B03-AFF4-368CF634835B}.Debug|Any CPU.Build.0 = Debug|Any CPU
		{5214DBFD-7781-4B03-AFF4-368CF634835B}.Release|Any CPU.ActiveCfg = Release|Any CPU
		{5214DBFD-7781-4B03-AFF4-368CF634835B}.Release|Any CPU.Build.0 = Release|Any CPU
		{EED64DC6-A6B0-4DDD-9725-5A11021F4221}.Debug|Any CPU.ActiveCfg = Debug|Any CPU
		{EED64DC6-A6B0-4DDD-9725-5A11021F4221}.Debug|Any CPU.Build.0 = Debug|Any CPU
		{EED64DC6-A6B0-4DDD-9725-5A11021F4221}.Release|Any CPU.ActiveCfg = Release|Any CPU
		{EED64DC6-A6B0-4DDD-9725-5A11021F4221}.Release|Any CPU.Build.0 = Release|Any CPU
		{6BCA599F-A8C2-46F8-BF0D-3EB9DD1ABAEA}.Debug|Any CPU.ActiveCfg = Debug|Any CPU
		{6BCA599F-A8C2-46F8-BF0D-3EB9DD1ABAEA}.Debug|Any CPU.Build.0 = Debug|Any CPU
		{6BCA599F-A8C2-46F8-BF0D-3EB9DD1ABAEA}.Release|Any CPU.ActiveCfg = Release|Any CPU
		{6BCA599F-A8C2-46F8-BF0D-3EB9DD1ABAEA}.Release|Any CPU.Build.0 = Release|Any CPU
		{ED175880-ECF4-4696-ABD0-B39AD38C27BB}.Debug|Any CPU.ActiveCfg = Debug|Any CPU
		{ED175880-ECF4-4696-ABD0-B39AD38C27BB}.Debug|Any CPU.Build.0 = Debug|Any CPU
		{ED175880-ECF4-4696-ABD0-B39AD38C27BB}.Release|Any CPU.ActiveCfg = Release|Any CPU
		{ED175880-ECF4-4696-ABD0-B39AD38C27BB}.Release|Any CPU.Build.0 = Release|Any CPU
		{AEA69604-A601-4C3D-A27A-BD7ECAACAF10}.Debug|Any CPU.ActiveCfg = Debug|Any CPU
		{AEA69604-A601-4C3D-A27A-BD7ECAACAF10}.Debug|Any CPU.Build.0 = Debug|Any CPU
		{AEA69604-A601-4C3D-A27A-BD7ECAACAF10}.Release|Any CPU.ActiveCfg = Release|Any CPU
		{AEA69604-A601-4C3D-A27A-BD7ECAACAF10}.Release|Any CPU.Build.0 = Release|Any CPU
		{2235A509-EB29-44CE-929D-82FA2F5C43C0}.Debug|Any CPU.ActiveCfg = Debug|Any CPU
		{2235A509-EB29-44CE-929D-82FA2F5C43C0}.Debug|Any CPU.Build.0 = Debug|Any CPU
		{2235A509-EB29-44CE-929D-82FA2F5C43C0}.Release|Any CPU.ActiveCfg = Release|Any CPU
		{2235A509-EB29-44CE-929D-82FA2F5C43C0}.Release|Any CPU.Build.0 = Release|Any CPU
		{DB5F5DBE-547B-424E-ABB9-EA63327C8615}.Debug|Any CPU.ActiveCfg = Debug|Any CPU
		{DB5F5DBE-547B-424E-ABB9-EA63327C8615}.Debug|Any CPU.Build.0 = Debug|Any CPU
		{DB5F5DBE-547B-424E-ABB9-EA63327C8615}.Release|Any CPU.ActiveCfg = Release|Any CPU
		{DB5F5DBE-547B-424E-ABB9-EA63327C8615}.Release|Any CPU.Build.0 = Release|Any CPU
		{7C3A5403-374A-4C0A-8E08-89E816D1B3ED}.Debug|Any CPU.ActiveCfg = Debug|Any CPU
		{7C3A5403-374A-4C0A-8E08-89E816D1B3ED}.Debug|Any CPU.Build.0 = Debug|Any CPU
		{7C3A5403-374A-4C0A-8E08-89E816D1B3ED}.Release|Any CPU.ActiveCfg = Release|Any CPU
		{7C3A5403-374A-4C0A-8E08-89E816D1B3ED}.Release|Any CPU.Build.0 = Release|Any CPU
		{0A296093-A2D1-4F4A-AF76-B7EA60799556}.Debug|Any CPU.ActiveCfg = Debug|Any CPU
		{0A296093-A2D1-4F4A-AF76-B7EA60799556}.Debug|Any CPU.Build.0 = Debug|Any CPU
		{0A296093-A2D1-4F4A-AF76-B7EA60799556}.Release|Any CPU.ActiveCfg = Release|Any CPU
		{0A296093-A2D1-4F4A-AF76-B7EA60799556}.Release|Any CPU.Build.0 = Release|Any CPU
		{128691BD-75CA-4303-947D-B8D7062510EC}.Debug|Any CPU.ActiveCfg = Debug|Any CPU
		{128691BD-75CA-4303-947D-B8D7062510EC}.Debug|Any CPU.Build.0 = Debug|Any CPU
		{128691BD-75CA-4303-947D-B8D7062510EC}.Release|Any CPU.ActiveCfg = Release|Any CPU
		{128691BD-75CA-4303-947D-B8D7062510EC}.Release|Any CPU.Build.0 = Release|Any CPU
	EndGlobalSection
	GlobalSection(SolutionProperties) = preSolution
		HideSolutionNode = FALSE
	EndGlobalSection
	GlobalSection(NestedProjects) = preSolution
		{719D0EA9-31BB-4136-91E9-15024D85FC62} = {99B87A36-B826-452D-81CC-6B8474E5B07C}
		{76F02388-95BD-4984-91A1-D9C05C7C45D7} = {942C45A3-4393-46E6-818F-3A2E66291402}
		{CDB1C62B-67AD-4390-B8CE-A6AA0E06EC41} = {99B87A36-B826-452D-81CC-6B8474E5B07C}
		{9863E2A3-05BF-40B0-9034-9C68519E9812} = {AD17F489-3ED7-49C9-88E9-0CEE36A6EE63}
		{77F43C7A-4D7F-4B4C-95B5-BC65AC958C94} = {AD17F489-3ED7-49C9-88E9-0CEE36A6EE63}
		{8FADAEAB-60CF-48CF-BF65-54C592A2C272} = {6201BFB5-C03B-4B12-844B-49482F99D381}
		{B8101C47-2AF9-476E-9F4A-52AF03CCD7E7} = {6201BFB5-C03B-4B12-844B-49482F99D381}
		{71AE8808-C9CF-494D-931A-2AB156BA0432} = {AD17F489-3ED7-49C9-88E9-0CEE36A6EE63}
		{EF84BBFB-0A7C-465B-BBAE-BA83BF48E649} = {6201BFB5-C03B-4B12-844B-49482F99D381}
		{1A2A2493-1CFA-41A3-99D4-C45ACD38C0C1} = {AD17F489-3ED7-49C9-88E9-0CEE36A6EE63}
		{942C45A3-4393-46E6-818F-3A2E66291402} = {99B87A36-B826-452D-81CC-6B8474E5B07C}
		{4B14567B-F920-4A03-BC9B-A43CE75237A4} = {99B87A36-B826-452D-81CC-6B8474E5B07C}
		{751BE90E-7BD6-46D5-9323-2098E6CCF1CA} = {7FB012E0-CAB9-4BCB-82B6-F3D2881F4863}
		{18F24586-BA40-4760-9138-532F90A2C046} = {7EBEB4E1-4CCD-4319-8B55-49D5BCCF29B2}
		{F39FA2D4-6377-4BBB-AA96-3F7D23D5C593} = {7EBEB4E1-4CCD-4319-8B55-49D5BCCF29B2}
		{7EBEB4E1-4CCD-4319-8B55-49D5BCCF29B2} = {7FB012E0-CAB9-4BCB-82B6-F3D2881F4863}
		{29A0CE26-6DEC-4DEC-95A3-704418B5CAE0} = {7FB012E0-CAB9-4BCB-82B6-F3D2881F4863}
		{A0E4096A-8D47-4167-9669-A7B8D2C1ADB8} = {29A0CE26-6DEC-4DEC-95A3-704418B5CAE0}
		{5214DBFD-7781-4B03-AFF4-368CF634835B} = {29A0CE26-6DEC-4DEC-95A3-704418B5CAE0}
		{7CE99ECA-CA3E-4831-8332-B54EFE9D010D} = {7FB012E0-CAB9-4BCB-82B6-F3D2881F4863}
		{EED64DC6-A6B0-4DDD-9725-5A11021F4221} = {7CE99ECA-CA3E-4831-8332-B54EFE9D010D}
		{6BCA599F-A8C2-46F8-BF0D-3EB9DD1ABAEA} = {7CE99ECA-CA3E-4831-8332-B54EFE9D010D}
		{ED175880-ECF4-4696-ABD0-B39AD38C27BB} = {29A0CE26-6DEC-4DEC-95A3-704418B5CAE0}
		{AEA69604-A601-4C3D-A27A-BD7ECAACAF10} = {6201BFB5-C03B-4B12-844B-49482F99D381}
		{2235A509-EB29-44CE-929D-82FA2F5C43C0} = {AD17F489-3ED7-49C9-88E9-0CEE36A6EE63}
		{DB5F5DBE-547B-424E-ABB9-EA63327C8615} = {2AB3B380-DD43-424A-9D73-0C38361FFB5C}
		{2AB3B380-DD43-424A-9D73-0C38361FFB5C} = {7FB012E0-CAB9-4BCB-82B6-F3D2881F4863}
		{7C3A5403-374A-4C0A-8E08-89E816D1B3ED} = {2AB3B380-DD43-424A-9D73-0C38361FFB5C}
		{AFCE393A-5384-4583-9963-535111784200} = {2AB3B380-DD43-424A-9D73-0C38361FFB5C}
		{0A296093-A2D1-4F4A-AF76-B7EA60799556} = {AFCE393A-5384-4583-9963-535111784200}
		{128691BD-75CA-4303-947D-B8D7062510EC} = {7FB012E0-CAB9-4BCB-82B6-F3D2881F4863}
	EndGlobalSection
EndGlobal
