
Microsoft Visual Studio Solution File, Format Version 12.00
# Visual Studio 14
VisualStudioVersion = 14.0.25123.0
MinimumVisualStudioVersion = 10.0.40219.1
Project("{2150E333-8FDC-42A3-9474-1A3956D46DE8}") = "Common", "Common", "{7FB012E0-CAB9-4BCB-82B6-F3D2881F4863}"
EndProject
Project("{FAE04EC0-301F-11D3-BF4B-00C04F79EFBC}") = "Playground.Core", "Playground.Core\Playground.Core.csproj", "{751BE90E-7BD6-46D5-9323-2098E6CCF1CA}"
EndProject
Project("{FAE04EC0-301F-11D3-BF4B-00C04F79EFBC}") = "Playground.Logging.Serilog", "Playground.Logging.Serilog\Playground.Logging.Serilog.csproj", "{18F24586-BA40-4760-9138-532F90A2C046}"
EndProject
Project("{FAE04EC0-301F-11D3-BF4B-00C04F79EFBC}") = "Playground.Logging.Serilog.Autofac", "Playground.Logging.Serilog.Autofac\Playground.Logging.Serilog.Autofac.csproj", "{F39FA2D4-6377-4BBB-AA96-3F7D23D5C593}"
EndProject
Project("{2150E333-8FDC-42A3-9474-1A3956D46DE8}") = "Logging", "Logging", "{7EBEB4E1-4CCD-4319-8B55-49D5BCCF29B2}"
EndProject
Project("{2150E333-8FDC-42A3-9474-1A3956D46DE8}") = "QueryService", "QueryService", "{29A0CE26-6DEC-4DEC-95A3-704418B5CAE0}"
EndProject
Project("{FAE04EC0-301F-11D3-BF4B-00C04F79EFBC}") = "Playground.QueryService.Contracts", "Playground.QueryService.Contracts\Playground.QueryService.Contracts.csproj", "{A0E4096A-8D47-4167-9669-A7B8D2C1ADB8}"
EndProject
Project("{FAE04EC0-301F-11D3-BF4B-00C04F79EFBC}") = "Playground.QueryService.InMemory", "Playground.QueryService.InMemory\Playground.QueryService.InMemory.csproj", "{5214DBFD-7781-4B03-AFF4-368CF634835B}"
EndProject
Project("{2150E333-8FDC-42A3-9474-1A3956D46DE8}") = "DependencyResolver", "DependencyResolver", "{7CE99ECA-CA3E-4831-8332-B54EFE9D010D}"
EndProject
Project("{FAE04EC0-301F-11D3-BF4B-00C04F79EFBC}") = "Playground.DependencyResolver.Contracts", "Playground.DependencyResolver.Contracts\Playground.DependencyResolver.Contracts.csproj", "{EED64DC6-A6B0-4DDD-9725-5A11021F4221}"
EndProject
Project("{FAE04EC0-301F-11D3-BF4B-00C04F79EFBC}") = "Playground.DependencyResolver.Autofac", "Playground.DependencyResolver.Autofac\Playground.DependencyResolver.Autofac.csproj", "{6BCA599F-A8C2-46F8-BF0D-3EB9DD1ABAEA}"
EndProject
Project("{FAE04EC0-301F-11D3-BF4B-00C04F79EFBC}") = "Playground.QueryService.InMemory.Autofac", "Playground.QueryService.InMemory.Autofac\Playground.QueryService.InMemory.Autofac.csproj", "{ED175880-ECF4-4696-ABD0-B39AD38C27BB}"
EndProject
Project("{FAE04EC0-301F-11D3-BF4B-00C04F79EFBC}") = "Playground.Data.Contracts", "Playground.Data.Contracts\Playground.Data.Contracts.csproj", "{DB5F5DBE-547B-424E-ABB9-EA63327C8615}"
EndProject
Project("{2150E333-8FDC-42A3-9474-1A3956D46DE8}") = "Data", "Data", "{2AB3B380-DD43-424A-9D73-0C38361FFB5C}"
EndProject
Project("{FAE04EC0-301F-11D3-BF4B-00C04F79EFBC}") = "Playground.Data.Dapper", "Playground.Data.Dapper\Playground.Data.Dapper.csproj", "{7C3A5403-374A-4C0A-8E08-89E816D1B3ED}"
EndProject
Project("{2150E333-8FDC-42A3-9474-1A3956D46DE8}") = "Tests", "Tests", "{AFCE393A-5384-4583-9963-535111784200}"
EndProject
Project("{FAE04EC0-301F-11D3-BF4B-00C04F79EFBC}") = "Playground.Data.Dapper.Tests", "Playground.Data.Dapper.Tests\Playground.Data.Dapper.Tests.csproj", "{0A296093-A2D1-4F4A-AF76-B7EA60799556}"
EndProject
Project("{FAE04EC0-301F-11D3-BF4B-00C04F79EFBC}") = "Playground.Tests", "Playground.Tests\Playground.Tests.csproj", "{128691BD-75CA-4303-947D-B8D7062510EC}"
EndProject
Project("{2150E333-8FDC-42A3-9474-1A3956D46DE8}") = "Messaging", "Messaging", "{A39437E2-7AEA-4DB0-BFCF-F28C0D02B668}"
EndProject
Project("{FAE04EC0-301F-11D3-BF4B-00C04F79EFBC}") = "Playground.Messaging", "Playground.Messaging\Playground.Messaging.csproj", "{A15462E6-1F1A-40AD-9EDE-23127289CB6A}"
EndProject
Project("{2150E333-8FDC-42A3-9474-1A3956D46DE8}") = "MovieTicketOffice", "MovieTicketOffice", "{BEB37AAE-8998-4396-B2ED-5580B0226062}"
EndProject
Project("{2150E333-8FDC-42A3-9474-1A3956D46DE8}") = "Domain", "Domain", "{B2F1C885-5E7D-4D88-8052-18B71E20185B}"
EndProject
Project("{2150E333-8FDC-42A3-9474-1A3956D46DE8}") = "Infrastructure", "Infrastructure", "{E3B354AC-EAB5-41A9-951F-F6E714099941}"
EndProject
Project("{2150E333-8FDC-42A3-9474-1A3956D46DE8}") = "Web", "Web", "{FA7B7811-6DA6-4907-91F3-81CAD4ECB705}"
EndProject
Project("{FAE04EC0-301F-11D3-BF4B-00C04F79EFBC}") = "Playground.TicketOffice.Domain", "Playground.TicketOffice.Domain\Playground.TicketOffice.Domain.csproj", "{3DD6A880-10EE-4F6A-9F4F-C15BE1FE4C26}"
EndProject
Project("{FAE04EC0-301F-11D3-BF4B-00C04F79EFBC}") = "Playground.TicketOffice.Domain.Read", "Playground.TicketOffice.Domain.Read\Playground.TicketOffice.Domain.Read.csproj", "{5968E154-4F71-41FA-8755-72DD615196C3}"
EndProject
Project("{FAE04EC0-301F-11D3-BF4B-00C04F79EFBC}") = "Playground.TicketOffice.Domain.Write", "Playground.TicketOffice.Domain.Write\Playground.TicketOffice.Domain.Write.csproj", "{724D8C2D-81D0-4C39-B4A1-9D5A708C8BE1}"
EndProject
Project("{FAE04EC0-301F-11D3-BF4B-00C04F79EFBC}") = "Playground.TicketOffice.Domain.Read.Handlers", "Playground.TicketOffice.Domain.Read.Handlers\Playground.TicketOffice.Domain.Read.Handlers.csproj", "{2A3092EC-8C64-49DF-9F7D-4589392FC137}"
EndProject
Project("{FAE04EC0-301F-11D3-BF4B-00C04F79EFBC}") = "Playground.TicketOffice.Domain.Write.Handlers", "Playground.TicketOffice.Domain.Write.Handlers\Playground.TicketOffice.Domain.Write.Handlers.csproj", "{1C7C0DC4-201F-41E7-8DB9-66F94D1F31EB}"
EndProject
Project("{2150E333-8FDC-42A3-9474-1A3956D46DE8}") = "Tests", "Tests", "{A7682F2F-E8F3-4C60-8CB7-C52A64A21A86}"
EndProject
Project("{2150E333-8FDC-42A3-9474-1A3956D46DE8}") = "Tests", "Tests", "{9347F4C6-E2FE-49F0-B359-BD9EB1F0DA3E}"
EndProject
Project("{FAE04EC0-301F-11D3-BF4B-00C04F79EFBC}") = "Playground.TicketOffice.Api", "Playground.TicketOffice.Api\Playground.TicketOffice.Api.csproj", "{BC072159-89D8-40F3-BEEA-BA44237CC807}"
EndProject
Project("{FAE04EC0-301F-11D3-BF4B-00C04F79EFBC}") = "Playground.TicketOffice.Api.Contracts", "Playground.TicketOffice.Api.Contracts\Playground.TicketOffice.Api.Contracts.csproj", "{4981258E-7746-4D16-9194-0F7C813FE525}"
EndProject
Project("{FAE04EC0-301F-11D3-BF4B-00C04F79EFBC}") = "Playground.TicketOffice.Web", "Playground.TicketOffice.Web\Playground.TicketOffice.Web.csproj", "{C7BDFCF4-7F01-4B59-9A10-6692AE517C75}"
EndProject
Project("{2150E333-8FDC-42A3-9474-1A3956D46DE8}") = "Tests", "Tests", "{E0745BAF-1B13-45A5-9664-00C7C38663D1}"
EndProject
Project("{2150E333-8FDC-42A3-9474-1A3956D46DE8}") = "Tests", "Tests", "{78383115-CB2B-475E-8C7C-A3263433600F}"
EndProject
Project("{2150E333-8FDC-42A3-9474-1A3956D46DE8}") = "Tests", "Tests", "{B63BE246-0103-447E-8A0C-73A3A1BA6BEA}"
EndProject
Project("{2150E333-8FDC-42A3-9474-1A3956D46DE8}") = "Tests", "Tests", "{CBD460E1-05AF-48F7-8CD3-12C971247BB0}"
EndProject
Project("{FAE04EC0-301F-11D3-BF4B-00C04F79EFBC}") = "Playground.Domain", "Playground.Domain\Playground.Domain.csproj", "{66B417D5-A799-4DC8-BF29-904898CE2653}"
EndProject
Project("{2150E333-8FDC-42A3-9474-1A3956D46DE8}") = "Domain", "Domain", "{94A251EA-7A9B-45E7-96AF-1EA5F55431FE}"
EndProject
Project("{2150E333-8FDC-42A3-9474-1A3956D46DE8}") = "Persistence", "Persistence", "{CFAC7081-E3AD-4152-BB39-033C1DF6ACC8}"
EndProject
Project("{FAE04EC0-301F-11D3-BF4B-00C04F79EFBC}") = "Playground.Domain.Persistence", "Playground.Domain.Persistence\Playground.Domain.Persistence.csproj", "{8D22C8A7-4C4F-472C-9DBA-43BD55DEB1E8}"
EndProject
Project("{2150E333-8FDC-42A3-9474-1A3956D46DE8}") = "Tests", "Tests", "{A6DC360F-6FD4-4D74-B327-19D496EE91C4}"
EndProject
Project("{FAE04EC0-301F-11D3-BF4B-00C04F79EFBC}") = "Playground.Domain.Persistence.UnitTests", "Playground.Domain.Persistence.UnitTests\Playground.Domain.Persistence.UnitTests.csproj", "{B53CB269-D3C0-4F7E-91AA-2C8C267C2274}"
EndProject
Project("{FAE04EC0-301F-11D3-BF4B-00C04F79EFBC}") = "Playground.Domain.Persistence.PostgreSQL", "Playground.Domain.Persistence.PostgreSQL\Playground.Domain.Persistence.PostgreSQL.csproj", "{BD5AB0DC-1289-4992-AB79-0665AF35C0F4}"
EndProject
Project("{2150E333-8FDC-42A3-9474-1A3956D46DE8}") = "Infrastructure", "Infrastructure", "{0158E3E7-2935-40AC-A812-B76EA4585604}"
EndProject
Project("{2150E333-8FDC-42A3-9474-1A3956D46DE8}") = "Validation", "Validation", "{589F195F-F837-4881-823A-6F8C701FDD78}"
EndProject
Project("{FAE04EC0-301F-11D3-BF4B-00C04F79EFBC}") = "Playground.Validation.Fluent", "Playground.Validation.Fluent\Playground.Validation.Fluent.csproj", "{FF96D419-AF67-4C68-827F-EA84DFDB815A}"
EndProject
Project("{2150E333-8FDC-42A3-9474-1A3956D46DE8}") = "Serialization", "Serialization", "{D55E4790-B548-449D-B3E0-DEEB162660A3}"
EndProject
Project("{2150E333-8FDC-42A3-9474-1A3956D46DE8}") = "Tests", "Tests", "{8E624E7C-ED10-46DF-8B9C-2E4E0A110DBB}"
EndProject
Project("{FAE04EC0-301F-11D3-BF4B-00C04F79EFBC}") = "Playground.Domain.UnitTests", "Playground.Domain.UnitTests\Playground.Domain.UnitTests.csproj", "{A3B89895-154D-4EFF-8C12-8D43B8A66CB2}"
EndProject
Project("{2150E333-8FDC-42A3-9474-1A3956D46DE8}") = "EventStoreWeb", "EventStoreWeb", "{E62AA9E2-7DA2-44FD-BCBA-301C1AE07856}"
EndProject
Project("{FAE04EC0-301F-11D3-BF4B-00C04F79EFBC}") = "Playground.QueryService.InMemory.UnitTests", "Playground.QueryService.InMemory.UnitTests\Playground.QueryService.InMemory.UnitTests.csproj", "{43A69474-6807-4F92-8762-967D974FDBD0}"
EndProject
Project("{FAE04EC0-301F-11D3-BF4B-00C04F79EFBC}") = "Playground.Domain.Persistence.SQLServer", "Playground.Domain.Persistence.SQLServer\Playground.Domain.Persistence.SQLServer.csproj", "{F0BA79C3-3652-404B-BB12-B89EDD6451A3}"
EndProject
Project("{FAE04EC0-301F-11D3-BF4B-00C04F79EFBC}") = "Playground.Domain.Persistence.SQLServer.UnitTests", "Playground.Domain.Persistence.SQLServer.UnitTests\Playground.Domain.Persistence.SQLServer.UnitTests.csproj", "{213FE2C5-2C33-4F03-A451-D77442E4F69E}"
EndProject
Project("{2150E333-8FDC-42A3-9474-1A3956D46DE8}") = "Rebus", "Rebus", "{68D56D24-2CFD-45D7-90F3-106688F046A0}"
EndProject
Project("{FAE04EC0-301F-11D3-BF4B-00C04F79EFBC}") = "Playground.Messaging.Rebus", "Playground.Messaging.Rebus\Playground.Messaging.Rebus.csproj", "{07AE8EA0-BA36-4C78-BD67-E2C9979ABDEC}"
EndProject
Project("{2150E333-8FDC-42A3-9474-1A3956D46DE8}") = "Tests", "Tests", "{9BD849FB-09FB-4409-96D4-7D6E417CC82E}"
EndProject
Project("{FAE04EC0-301F-11D3-BF4B-00C04F79EFBC}") = "Playground.Messaging.Persistence", "Playground.Messaging.Persistence\Playground.Messaging.Persistence.csproj", "{AE4EB9F1-9803-4D54-BFA7-DA0953A5DC99}"
EndProject
Project("{FAE04EC0-301F-11D3-BF4B-00C04F79EFBC}") = "Playground.Messaging.Rebus.UnitTests", "Playground.Messaging.Rebus.UnitTests\Playground.Messaging.Rebus.UnitTests.csproj", "{9E6F7489-4855-4948-BFD2-8C06FEDDD222}"
EndProject
Project("{FAE04EC0-301F-11D3-BF4B-00C04F79EFBC}") = "Playground.TicketOffice.Api.AutofacRegister", "Playground.TicketOffice.Api.AutofacRegister\Playground.TicketOffice.Api.AutofacRegister.csproj", "{6D233D87-B613-4FE8-83B0-D87437E0CD8B}"
EndProject
Project("{FAE04EC0-301F-11D3-BF4B-00C04F79EFBC}") = "Playground.Serialization.Jil", "Playground.Serialization.Jil\Playground.Serialization.Jil.csproj", "{D5436D18-0841-4D6F-BC9C-867E87B01979}"
EndProject
Project("{2150E333-8FDC-42A3-9474-1A3956D46DE8}") = "Tests", "Tests", "{507686BF-9EF1-41BF-835E-1BEBD7787A0B}"
EndProject
Project("{FAE04EC0-301F-11D3-BF4B-00C04F79EFBC}") = "Playground.Validation.Fluent.UnitTests", "Playground.Validation.Fluent.UnitTests\Playground.Validation.Fluent.UnitTests.csproj", "{1D242C29-0689-45C0-AE90-BE6B4A2B9305}"
EndProject
Project("{FAE04EC0-301F-11D3-BF4B-00C04F79EFBC}") = "Playground.Validation.Fluent.Autofac", "Playground.Validation.Fluent.Autofac\Playground.Validation.Fluent.Autofac.csproj", "{BDDD9A1D-81DB-4330-8874-D0555AFEE318}"
EndProject
Project("{FAE04EC0-301F-11D3-BF4B-00C04F79EFBC}") = "Playground.Validation.Fluent.Autofac.UnitTests", "Playground.Validation.Fluent.Autofac.UnitTests\Playground.Validation.Fluent.Autofac.UnitTests.csproj", "{180948CB-8441-43C4-9DDD-612713ACAAC4}"
EndProject
Project("{FAE04EC0-301F-11D3-BF4B-00C04F79EFBC}") = "Playground.Domain.Persistence.PostgreSQL.IntegrationTests", "Playground.Domain.Persistence.PostgreSQL.IntegrationTests\Playground.Domain.Persistence.PostgreSQL.IntegrationTests.csproj", "{4D8CCC23-E2FD-43EB-B50F-66DC63671981}"
EndProject
Global
	GlobalSection(SolutionConfigurationPlatforms) = preSolution
		Debug|Any CPU = Debug|Any CPU
		Release|Any CPU = Release|Any CPU
	EndGlobalSection
	GlobalSection(ProjectConfigurationPlatforms) = postSolution
		{751BE90E-7BD6-46D5-9323-2098E6CCF1CA}.Debug|Any CPU.ActiveCfg = Debug|Any CPU
		{751BE90E-7BD6-46D5-9323-2098E6CCF1CA}.Debug|Any CPU.Build.0 = Debug|Any CPU
		{751BE90E-7BD6-46D5-9323-2098E6CCF1CA}.Release|Any CPU.ActiveCfg = Release|Any CPU
		{751BE90E-7BD6-46D5-9323-2098E6CCF1CA}.Release|Any CPU.Build.0 = Release|Any CPU
		{18F24586-BA40-4760-9138-532F90A2C046}.Debug|Any CPU.ActiveCfg = Debug|Any CPU
		{18F24586-BA40-4760-9138-532F90A2C046}.Debug|Any CPU.Build.0 = Debug|Any CPU
		{18F24586-BA40-4760-9138-532F90A2C046}.Release|Any CPU.ActiveCfg = Release|Any CPU
		{18F24586-BA40-4760-9138-532F90A2C046}.Release|Any CPU.Build.0 = Release|Any CPU
		{F39FA2D4-6377-4BBB-AA96-3F7D23D5C593}.Debug|Any CPU.ActiveCfg = Debug|Any CPU
		{F39FA2D4-6377-4BBB-AA96-3F7D23D5C593}.Debug|Any CPU.Build.0 = Debug|Any CPU
		{F39FA2D4-6377-4BBB-AA96-3F7D23D5C593}.Release|Any CPU.ActiveCfg = Release|Any CPU
		{F39FA2D4-6377-4BBB-AA96-3F7D23D5C593}.Release|Any CPU.Build.0 = Release|Any CPU
		{A0E4096A-8D47-4167-9669-A7B8D2C1ADB8}.Debug|Any CPU.ActiveCfg = Debug|Any CPU
		{A0E4096A-8D47-4167-9669-A7B8D2C1ADB8}.Debug|Any CPU.Build.0 = Debug|Any CPU
		{A0E4096A-8D47-4167-9669-A7B8D2C1ADB8}.Release|Any CPU.ActiveCfg = Release|Any CPU
		{A0E4096A-8D47-4167-9669-A7B8D2C1ADB8}.Release|Any CPU.Build.0 = Release|Any CPU
		{5214DBFD-7781-4B03-AFF4-368CF634835B}.Debug|Any CPU.ActiveCfg = Debug|Any CPU
		{5214DBFD-7781-4B03-AFF4-368CF634835B}.Debug|Any CPU.Build.0 = Debug|Any CPU
		{5214DBFD-7781-4B03-AFF4-368CF634835B}.Release|Any CPU.ActiveCfg = Release|Any CPU
		{5214DBFD-7781-4B03-AFF4-368CF634835B}.Release|Any CPU.Build.0 = Release|Any CPU
		{EED64DC6-A6B0-4DDD-9725-5A11021F4221}.Debug|Any CPU.ActiveCfg = Debug|Any CPU
		{EED64DC6-A6B0-4DDD-9725-5A11021F4221}.Debug|Any CPU.Build.0 = Debug|Any CPU
		{EED64DC6-A6B0-4DDD-9725-5A11021F4221}.Release|Any CPU.ActiveCfg = Release|Any CPU
		{EED64DC6-A6B0-4DDD-9725-5A11021F4221}.Release|Any CPU.Build.0 = Release|Any CPU
		{6BCA599F-A8C2-46F8-BF0D-3EB9DD1ABAEA}.Debug|Any CPU.ActiveCfg = Debug|Any CPU
		{6BCA599F-A8C2-46F8-BF0D-3EB9DD1ABAEA}.Debug|Any CPU.Build.0 = Debug|Any CPU
		{6BCA599F-A8C2-46F8-BF0D-3EB9DD1ABAEA}.Release|Any CPU.ActiveCfg = Release|Any CPU
		{6BCA599F-A8C2-46F8-BF0D-3EB9DD1ABAEA}.Release|Any CPU.Build.0 = Release|Any CPU
		{ED175880-ECF4-4696-ABD0-B39AD38C27BB}.Debug|Any CPU.ActiveCfg = Debug|Any CPU
		{ED175880-ECF4-4696-ABD0-B39AD38C27BB}.Debug|Any CPU.Build.0 = Debug|Any CPU
		{ED175880-ECF4-4696-ABD0-B39AD38C27BB}.Release|Any CPU.ActiveCfg = Release|Any CPU
		{ED175880-ECF4-4696-ABD0-B39AD38C27BB}.Release|Any CPU.Build.0 = Release|Any CPU
		{DB5F5DBE-547B-424E-ABB9-EA63327C8615}.Debug|Any CPU.ActiveCfg = Debug|Any CPU
		{DB5F5DBE-547B-424E-ABB9-EA63327C8615}.Debug|Any CPU.Build.0 = Debug|Any CPU
		{DB5F5DBE-547B-424E-ABB9-EA63327C8615}.Release|Any CPU.ActiveCfg = Release|Any CPU
		{DB5F5DBE-547B-424E-ABB9-EA63327C8615}.Release|Any CPU.Build.0 = Release|Any CPU
		{7C3A5403-374A-4C0A-8E08-89E816D1B3ED}.Debug|Any CPU.ActiveCfg = Debug|Any CPU
		{7C3A5403-374A-4C0A-8E08-89E816D1B3ED}.Debug|Any CPU.Build.0 = Debug|Any CPU
		{7C3A5403-374A-4C0A-8E08-89E816D1B3ED}.Release|Any CPU.ActiveCfg = Release|Any CPU
		{7C3A5403-374A-4C0A-8E08-89E816D1B3ED}.Release|Any CPU.Build.0 = Release|Any CPU
		{0A296093-A2D1-4F4A-AF76-B7EA60799556}.Debug|Any CPU.ActiveCfg = Debug|Any CPU
		{0A296093-A2D1-4F4A-AF76-B7EA60799556}.Debug|Any CPU.Build.0 = Debug|Any CPU
		{0A296093-A2D1-4F4A-AF76-B7EA60799556}.Release|Any CPU.ActiveCfg = Release|Any CPU
		{0A296093-A2D1-4F4A-AF76-B7EA60799556}.Release|Any CPU.Build.0 = Release|Any CPU
		{128691BD-75CA-4303-947D-B8D7062510EC}.Debug|Any CPU.ActiveCfg = Debug|Any CPU
		{128691BD-75CA-4303-947D-B8D7062510EC}.Debug|Any CPU.Build.0 = Debug|Any CPU
		{128691BD-75CA-4303-947D-B8D7062510EC}.Release|Any CPU.ActiveCfg = Release|Any CPU
		{128691BD-75CA-4303-947D-B8D7062510EC}.Release|Any CPU.Build.0 = Release|Any CPU
		{A15462E6-1F1A-40AD-9EDE-23127289CB6A}.Debug|Any CPU.ActiveCfg = Debug|Any CPU
		{A15462E6-1F1A-40AD-9EDE-23127289CB6A}.Debug|Any CPU.Build.0 = Debug|Any CPU
		{A15462E6-1F1A-40AD-9EDE-23127289CB6A}.Release|Any CPU.ActiveCfg = Release|Any CPU
		{A15462E6-1F1A-40AD-9EDE-23127289CB6A}.Release|Any CPU.Build.0 = Release|Any CPU
		{3DD6A880-10EE-4F6A-9F4F-C15BE1FE4C26}.Debug|Any CPU.ActiveCfg = Debug|Any CPU
		{3DD6A880-10EE-4F6A-9F4F-C15BE1FE4C26}.Debug|Any CPU.Build.0 = Debug|Any CPU
		{3DD6A880-10EE-4F6A-9F4F-C15BE1FE4C26}.Release|Any CPU.ActiveCfg = Release|Any CPU
		{3DD6A880-10EE-4F6A-9F4F-C15BE1FE4C26}.Release|Any CPU.Build.0 = Release|Any CPU
		{5968E154-4F71-41FA-8755-72DD615196C3}.Debug|Any CPU.ActiveCfg = Debug|Any CPU
		{5968E154-4F71-41FA-8755-72DD615196C3}.Debug|Any CPU.Build.0 = Debug|Any CPU
		{5968E154-4F71-41FA-8755-72DD615196C3}.Release|Any CPU.ActiveCfg = Release|Any CPU
		{5968E154-4F71-41FA-8755-72DD615196C3}.Release|Any CPU.Build.0 = Release|Any CPU
		{724D8C2D-81D0-4C39-B4A1-9D5A708C8BE1}.Debug|Any CPU.ActiveCfg = Debug|Any CPU
		{724D8C2D-81D0-4C39-B4A1-9D5A708C8BE1}.Debug|Any CPU.Build.0 = Debug|Any CPU
		{724D8C2D-81D0-4C39-B4A1-9D5A708C8BE1}.Release|Any CPU.ActiveCfg = Release|Any CPU
		{724D8C2D-81D0-4C39-B4A1-9D5A708C8BE1}.Release|Any CPU.Build.0 = Release|Any CPU
		{2A3092EC-8C64-49DF-9F7D-4589392FC137}.Debug|Any CPU.ActiveCfg = Debug|Any CPU
		{2A3092EC-8C64-49DF-9F7D-4589392FC137}.Debug|Any CPU.Build.0 = Debug|Any CPU
		{2A3092EC-8C64-49DF-9F7D-4589392FC137}.Release|Any CPU.ActiveCfg = Release|Any CPU
		{2A3092EC-8C64-49DF-9F7D-4589392FC137}.Release|Any CPU.Build.0 = Release|Any CPU
		{1C7C0DC4-201F-41E7-8DB9-66F94D1F31EB}.Debug|Any CPU.ActiveCfg = Debug|Any CPU
		{1C7C0DC4-201F-41E7-8DB9-66F94D1F31EB}.Debug|Any CPU.Build.0 = Debug|Any CPU
		{1C7C0DC4-201F-41E7-8DB9-66F94D1F31EB}.Release|Any CPU.ActiveCfg = Release|Any CPU
		{1C7C0DC4-201F-41E7-8DB9-66F94D1F31EB}.Release|Any CPU.Build.0 = Release|Any CPU
		{BC072159-89D8-40F3-BEEA-BA44237CC807}.Debug|Any CPU.ActiveCfg = Debug|Any CPU
		{BC072159-89D8-40F3-BEEA-BA44237CC807}.Debug|Any CPU.Build.0 = Debug|Any CPU
		{BC072159-89D8-40F3-BEEA-BA44237CC807}.Release|Any CPU.ActiveCfg = Release|Any CPU
		{BC072159-89D8-40F3-BEEA-BA44237CC807}.Release|Any CPU.Build.0 = Release|Any CPU
		{4981258E-7746-4D16-9194-0F7C813FE525}.Debug|Any CPU.ActiveCfg = Debug|Any CPU
		{4981258E-7746-4D16-9194-0F7C813FE525}.Debug|Any CPU.Build.0 = Debug|Any CPU
		{4981258E-7746-4D16-9194-0F7C813FE525}.Release|Any CPU.ActiveCfg = Release|Any CPU
		{4981258E-7746-4D16-9194-0F7C813FE525}.Release|Any CPU.Build.0 = Release|Any CPU
		{C7BDFCF4-7F01-4B59-9A10-6692AE517C75}.Debug|Any CPU.ActiveCfg = Debug|Any CPU
		{C7BDFCF4-7F01-4B59-9A10-6692AE517C75}.Debug|Any CPU.Build.0 = Debug|Any CPU
		{C7BDFCF4-7F01-4B59-9A10-6692AE517C75}.Release|Any CPU.ActiveCfg = Release|Any CPU
		{C7BDFCF4-7F01-4B59-9A10-6692AE517C75}.Release|Any CPU.Build.0 = Release|Any CPU
		{66B417D5-A799-4DC8-BF29-904898CE2653}.Debug|Any CPU.ActiveCfg = Debug|Any CPU
		{66B417D5-A799-4DC8-BF29-904898CE2653}.Debug|Any CPU.Build.0 = Debug|Any CPU
		{66B417D5-A799-4DC8-BF29-904898CE2653}.Release|Any CPU.ActiveCfg = Release|Any CPU
		{66B417D5-A799-4DC8-BF29-904898CE2653}.Release|Any CPU.Build.0 = Release|Any CPU
		{8D22C8A7-4C4F-472C-9DBA-43BD55DEB1E8}.Debug|Any CPU.ActiveCfg = Debug|Any CPU
		{8D22C8A7-4C4F-472C-9DBA-43BD55DEB1E8}.Debug|Any CPU.Build.0 = Debug|Any CPU
		{8D22C8A7-4C4F-472C-9DBA-43BD55DEB1E8}.Release|Any CPU.ActiveCfg = Release|Any CPU
		{8D22C8A7-4C4F-472C-9DBA-43BD55DEB1E8}.Release|Any CPU.Build.0 = Release|Any CPU
		{B53CB269-D3C0-4F7E-91AA-2C8C267C2274}.Debug|Any CPU.ActiveCfg = Debug|Any CPU
		{B53CB269-D3C0-4F7E-91AA-2C8C267C2274}.Debug|Any CPU.Build.0 = Debug|Any CPU
		{B53CB269-D3C0-4F7E-91AA-2C8C267C2274}.Release|Any CPU.ActiveCfg = Release|Any CPU
		{B53CB269-D3C0-4F7E-91AA-2C8C267C2274}.Release|Any CPU.Build.0 = Release|Any CPU
		{BD5AB0DC-1289-4992-AB79-0665AF35C0F4}.Debug|Any CPU.ActiveCfg = Debug|Any CPU
		{BD5AB0DC-1289-4992-AB79-0665AF35C0F4}.Debug|Any CPU.Build.0 = Debug|Any CPU
		{BD5AB0DC-1289-4992-AB79-0665AF35C0F4}.Release|Any CPU.ActiveCfg = Release|Any CPU
		{BD5AB0DC-1289-4992-AB79-0665AF35C0F4}.Release|Any CPU.Build.0 = Release|Any CPU
		{FF96D419-AF67-4C68-827F-EA84DFDB815A}.Debug|Any CPU.ActiveCfg = Debug|Any CPU
		{FF96D419-AF67-4C68-827F-EA84DFDB815A}.Debug|Any CPU.Build.0 = Debug|Any CPU
		{FF96D419-AF67-4C68-827F-EA84DFDB815A}.Release|Any CPU.ActiveCfg = Release|Any CPU
		{FF96D419-AF67-4C68-827F-EA84DFDB815A}.Release|Any CPU.Build.0 = Release|Any CPU
		{A3B89895-154D-4EFF-8C12-8D43B8A66CB2}.Debug|Any CPU.ActiveCfg = Debug|Any CPU
		{A3B89895-154D-4EFF-8C12-8D43B8A66CB2}.Debug|Any CPU.Build.0 = Debug|Any CPU
		{A3B89895-154D-4EFF-8C12-8D43B8A66CB2}.Release|Any CPU.ActiveCfg = Release|Any CPU
		{A3B89895-154D-4EFF-8C12-8D43B8A66CB2}.Release|Any CPU.Build.0 = Release|Any CPU
		{43A69474-6807-4F92-8762-967D974FDBD0}.Debug|Any CPU.ActiveCfg = Debug|Any CPU
		{43A69474-6807-4F92-8762-967D974FDBD0}.Debug|Any CPU.Build.0 = Debug|Any CPU
		{43A69474-6807-4F92-8762-967D974FDBD0}.Release|Any CPU.ActiveCfg = Release|Any CPU
		{43A69474-6807-4F92-8762-967D974FDBD0}.Release|Any CPU.Build.0 = Release|Any CPU
		{F0BA79C3-3652-404B-BB12-B89EDD6451A3}.Debug|Any CPU.ActiveCfg = Debug|Any CPU
		{F0BA79C3-3652-404B-BB12-B89EDD6451A3}.Debug|Any CPU.Build.0 = Debug|Any CPU
		{F0BA79C3-3652-404B-BB12-B89EDD6451A3}.Release|Any CPU.ActiveCfg = Release|Any CPU
		{F0BA79C3-3652-404B-BB12-B89EDD6451A3}.Release|Any CPU.Build.0 = Release|Any CPU
		{213FE2C5-2C33-4F03-A451-D77442E4F69E}.Debug|Any CPU.ActiveCfg = Debug|Any CPU
		{213FE2C5-2C33-4F03-A451-D77442E4F69E}.Debug|Any CPU.Build.0 = Debug|Any CPU
		{213FE2C5-2C33-4F03-A451-D77442E4F69E}.Release|Any CPU.ActiveCfg = Release|Any CPU
		{213FE2C5-2C33-4F03-A451-D77442E4F69E}.Release|Any CPU.Build.0 = Release|Any CPU
		{07AE8EA0-BA36-4C78-BD67-E2C9979ABDEC}.Debug|Any CPU.ActiveCfg = Debug|Any CPU
		{07AE8EA0-BA36-4C78-BD67-E2C9979ABDEC}.Debug|Any CPU.Build.0 = Debug|Any CPU
		{07AE8EA0-BA36-4C78-BD67-E2C9979ABDEC}.Release|Any CPU.ActiveCfg = Release|Any CPU
		{07AE8EA0-BA36-4C78-BD67-E2C9979ABDEC}.Release|Any CPU.Build.0 = Release|Any CPU
		{AE4EB9F1-9803-4D54-BFA7-DA0953A5DC99}.Debug|Any CPU.ActiveCfg = Debug|Any CPU
		{AE4EB9F1-9803-4D54-BFA7-DA0953A5DC99}.Debug|Any CPU.Build.0 = Debug|Any CPU
		{AE4EB9F1-9803-4D54-BFA7-DA0953A5DC99}.Release|Any CPU.ActiveCfg = Release|Any CPU
		{AE4EB9F1-9803-4D54-BFA7-DA0953A5DC99}.Release|Any CPU.Build.0 = Release|Any CPU
		{9E6F7489-4855-4948-BFD2-8C06FEDDD222}.Debug|Any CPU.ActiveCfg = Debug|Any CPU
		{9E6F7489-4855-4948-BFD2-8C06FEDDD222}.Debug|Any CPU.Build.0 = Debug|Any CPU
		{9E6F7489-4855-4948-BFD2-8C06FEDDD222}.Release|Any CPU.ActiveCfg = Release|Any CPU
		{9E6F7489-4855-4948-BFD2-8C06FEDDD222}.Release|Any CPU.Build.0 = Release|Any CPU
		{6D233D87-B613-4FE8-83B0-D87437E0CD8B}.Debug|Any CPU.ActiveCfg = Debug|Any CPU
		{6D233D87-B613-4FE8-83B0-D87437E0CD8B}.Debug|Any CPU.Build.0 = Debug|Any CPU
		{6D233D87-B613-4FE8-83B0-D87437E0CD8B}.Release|Any CPU.ActiveCfg = Release|Any CPU
		{6D233D87-B613-4FE8-83B0-D87437E0CD8B}.Release|Any CPU.Build.0 = Release|Any CPU
		{D5436D18-0841-4D6F-BC9C-867E87B01979}.Debug|Any CPU.ActiveCfg = Debug|Any CPU
		{D5436D18-0841-4D6F-BC9C-867E87B01979}.Debug|Any CPU.Build.0 = Debug|Any CPU
		{D5436D18-0841-4D6F-BC9C-867E87B01979}.Release|Any CPU.ActiveCfg = Release|Any CPU
		{D5436D18-0841-4D6F-BC9C-867E87B01979}.Release|Any CPU.Build.0 = Release|Any CPU
		{1D242C29-0689-45C0-AE90-BE6B4A2B9305}.Debug|Any CPU.ActiveCfg = Debug|Any CPU
		{1D242C29-0689-45C0-AE90-BE6B4A2B9305}.Debug|Any CPU.Build.0 = Debug|Any CPU
		{1D242C29-0689-45C0-AE90-BE6B4A2B9305}.Release|Any CPU.ActiveCfg = Release|Any CPU
		{1D242C29-0689-45C0-AE90-BE6B4A2B9305}.Release|Any CPU.Build.0 = Release|Any CPU
		{BDDD9A1D-81DB-4330-8874-D0555AFEE318}.Debug|Any CPU.ActiveCfg = Debug|Any CPU
		{BDDD9A1D-81DB-4330-8874-D0555AFEE318}.Debug|Any CPU.Build.0 = Debug|Any CPU
		{BDDD9A1D-81DB-4330-8874-D0555AFEE318}.Release|Any CPU.ActiveCfg = Release|Any CPU
		{BDDD9A1D-81DB-4330-8874-D0555AFEE318}.Release|Any CPU.Build.0 = Release|Any CPU
		{180948CB-8441-43C4-9DDD-612713ACAAC4}.Debug|Any CPU.ActiveCfg = Debug|Any CPU
		{180948CB-8441-43C4-9DDD-612713ACAAC4}.Debug|Any CPU.Build.0 = Debug|Any CPU
		{180948CB-8441-43C4-9DDD-612713ACAAC4}.Release|Any CPU.ActiveCfg = Release|Any CPU
		{180948CB-8441-43C4-9DDD-612713ACAAC4}.Release|Any CPU.Build.0 = Release|Any CPU
		{4D8CCC23-E2FD-43EB-B50F-66DC63671981}.Debug|Any CPU.ActiveCfg = Debug|Any CPU
		{4D8CCC23-E2FD-43EB-B50F-66DC63671981}.Debug|Any CPU.Build.0 = Debug|Any CPU
		{4D8CCC23-E2FD-43EB-B50F-66DC63671981}.Release|Any CPU.ActiveCfg = Release|Any CPU
		{4D8CCC23-E2FD-43EB-B50F-66DC63671981}.Release|Any CPU.Build.0 = Release|Any CPU
	EndGlobalSection
	GlobalSection(SolutionProperties) = preSolution
		HideSolutionNode = FALSE
	EndGlobalSection
	GlobalSection(NestedProjects) = preSolution
		{751BE90E-7BD6-46D5-9323-2098E6CCF1CA} = {7FB012E0-CAB9-4BCB-82B6-F3D2881F4863}
		{18F24586-BA40-4760-9138-532F90A2C046} = {7EBEB4E1-4CCD-4319-8B55-49D5BCCF29B2}
		{F39FA2D4-6377-4BBB-AA96-3F7D23D5C593} = {7EBEB4E1-4CCD-4319-8B55-49D5BCCF29B2}
		{7EBEB4E1-4CCD-4319-8B55-49D5BCCF29B2} = {0158E3E7-2935-40AC-A812-B76EA4585604}
		{29A0CE26-6DEC-4DEC-95A3-704418B5CAE0} = {7FB012E0-CAB9-4BCB-82B6-F3D2881F4863}
		{A0E4096A-8D47-4167-9669-A7B8D2C1ADB8} = {29A0CE26-6DEC-4DEC-95A3-704418B5CAE0}
		{5214DBFD-7781-4B03-AFF4-368CF634835B} = {29A0CE26-6DEC-4DEC-95A3-704418B5CAE0}
		{7CE99ECA-CA3E-4831-8332-B54EFE9D010D} = {7FB012E0-CAB9-4BCB-82B6-F3D2881F4863}
		{EED64DC6-A6B0-4DDD-9725-5A11021F4221} = {7CE99ECA-CA3E-4831-8332-B54EFE9D010D}
		{6BCA599F-A8C2-46F8-BF0D-3EB9DD1ABAEA} = {7CE99ECA-CA3E-4831-8332-B54EFE9D010D}
		{ED175880-ECF4-4696-ABD0-B39AD38C27BB} = {29A0CE26-6DEC-4DEC-95A3-704418B5CAE0}
		{DB5F5DBE-547B-424E-ABB9-EA63327C8615} = {2AB3B380-DD43-424A-9D73-0C38361FFB5C}
		{2AB3B380-DD43-424A-9D73-0C38361FFB5C} = {7FB012E0-CAB9-4BCB-82B6-F3D2881F4863}
		{7C3A5403-374A-4C0A-8E08-89E816D1B3ED} = {2AB3B380-DD43-424A-9D73-0C38361FFB5C}
		{AFCE393A-5384-4583-9963-535111784200} = {2AB3B380-DD43-424A-9D73-0C38361FFB5C}
		{0A296093-A2D1-4F4A-AF76-B7EA60799556} = {AFCE393A-5384-4583-9963-535111784200}
		{128691BD-75CA-4303-947D-B8D7062510EC} = {7FB012E0-CAB9-4BCB-82B6-F3D2881F4863}
		{A39437E2-7AEA-4DB0-BFCF-F28C0D02B668} = {7FB012E0-CAB9-4BCB-82B6-F3D2881F4863}
		{A15462E6-1F1A-40AD-9EDE-23127289CB6A} = {A39437E2-7AEA-4DB0-BFCF-F28C0D02B668}
		{B2F1C885-5E7D-4D88-8052-18B71E20185B} = {BEB37AAE-8998-4396-B2ED-5580B0226062}
		{E3B354AC-EAB5-41A9-951F-F6E714099941} = {BEB37AAE-8998-4396-B2ED-5580B0226062}
		{FA7B7811-6DA6-4907-91F3-81CAD4ECB705} = {BEB37AAE-8998-4396-B2ED-5580B0226062}
		{3DD6A880-10EE-4F6A-9F4F-C15BE1FE4C26} = {B2F1C885-5E7D-4D88-8052-18B71E20185B}
		{5968E154-4F71-41FA-8755-72DD615196C3} = {B2F1C885-5E7D-4D88-8052-18B71E20185B}
		{724D8C2D-81D0-4C39-B4A1-9D5A708C8BE1} = {B2F1C885-5E7D-4D88-8052-18B71E20185B}
		{2A3092EC-8C64-49DF-9F7D-4589392FC137} = {E3B354AC-EAB5-41A9-951F-F6E714099941}
		{1C7C0DC4-201F-41E7-8DB9-66F94D1F31EB} = {E3B354AC-EAB5-41A9-951F-F6E714099941}
		{A7682F2F-E8F3-4C60-8CB7-C52A64A21A86} = {B2F1C885-5E7D-4D88-8052-18B71E20185B}
		{9347F4C6-E2FE-49F0-B359-BD9EB1F0DA3E} = {E3B354AC-EAB5-41A9-951F-F6E714099941}
		{BC072159-89D8-40F3-BEEA-BA44237CC807} = {FA7B7811-6DA6-4907-91F3-81CAD4ECB705}
		{4981258E-7746-4D16-9194-0F7C813FE525} = {FA7B7811-6DA6-4907-91F3-81CAD4ECB705}
		{C7BDFCF4-7F01-4B59-9A10-6692AE517C75} = {FA7B7811-6DA6-4907-91F3-81CAD4ECB705}
		{E0745BAF-1B13-45A5-9664-00C7C38663D1} = {FA7B7811-6DA6-4907-91F3-81CAD4ECB705}
		{78383115-CB2B-475E-8C7C-A3263433600F} = {29A0CE26-6DEC-4DEC-95A3-704418B5CAE0}
		{B63BE246-0103-447E-8A0C-73A3A1BA6BEA} = {7EBEB4E1-4CCD-4319-8B55-49D5BCCF29B2}
		{CBD460E1-05AF-48F7-8CD3-12C971247BB0} = {7CE99ECA-CA3E-4831-8332-B54EFE9D010D}
		{66B417D5-A799-4DC8-BF29-904898CE2653} = {94A251EA-7A9B-45E7-96AF-1EA5F55431FE}
		{94A251EA-7A9B-45E7-96AF-1EA5F55431FE} = {7FB012E0-CAB9-4BCB-82B6-F3D2881F4863}
		{CFAC7081-E3AD-4152-BB39-033C1DF6ACC8} = {0158E3E7-2935-40AC-A812-B76EA4585604}
		{8D22C8A7-4C4F-472C-9DBA-43BD55DEB1E8} = {CFAC7081-E3AD-4152-BB39-033C1DF6ACC8}
		{A6DC360F-6FD4-4D74-B327-19D496EE91C4} = {CFAC7081-E3AD-4152-BB39-033C1DF6ACC8}
		{B53CB269-D3C0-4F7E-91AA-2C8C267C2274} = {A6DC360F-6FD4-4D74-B327-19D496EE91C4}
		{BD5AB0DC-1289-4992-AB79-0665AF35C0F4} = {CFAC7081-E3AD-4152-BB39-033C1DF6ACC8}
		{0158E3E7-2935-40AC-A812-B76EA4585604} = {7FB012E0-CAB9-4BCB-82B6-F3D2881F4863}
		{589F195F-F837-4881-823A-6F8C701FDD78} = {0158E3E7-2935-40AC-A812-B76EA4585604}
		{FF96D419-AF67-4C68-827F-EA84DFDB815A} = {589F195F-F837-4881-823A-6F8C701FDD78}
		{D55E4790-B548-449D-B3E0-DEEB162660A3} = {0158E3E7-2935-40AC-A812-B76EA4585604}
		{8E624E7C-ED10-46DF-8B9C-2E4E0A110DBB} = {94A251EA-7A9B-45E7-96AF-1EA5F55431FE}
		{A3B89895-154D-4EFF-8C12-8D43B8A66CB2} = {8E624E7C-ED10-46DF-8B9C-2E4E0A110DBB}
		{43A69474-6807-4F92-8762-967D974FDBD0} = {78383115-CB2B-475E-8C7C-A3263433600F}
		{F0BA79C3-3652-404B-BB12-B89EDD6451A3} = {CFAC7081-E3AD-4152-BB39-033C1DF6ACC8}
		{213FE2C5-2C33-4F03-A451-D77442E4F69E} = {A6DC360F-6FD4-4D74-B327-19D496EE91C4}
		{68D56D24-2CFD-45D7-90F3-106688F046A0} = {0158E3E7-2935-40AC-A812-B76EA4585604}
		{07AE8EA0-BA36-4C78-BD67-E2C9979ABDEC} = {68D56D24-2CFD-45D7-90F3-106688F046A0}
		{9BD849FB-09FB-4409-96D4-7D6E417CC82E} = {68D56D24-2CFD-45D7-90F3-106688F046A0}
		{AE4EB9F1-9803-4D54-BFA7-DA0953A5DC99} = {A39437E2-7AEA-4DB0-BFCF-F28C0D02B668}
		{9E6F7489-4855-4948-BFD2-8C06FEDDD222} = {9BD849FB-09FB-4409-96D4-7D6E417CC82E}
		{6D233D87-B613-4FE8-83B0-D87437E0CD8B} = {E3B354AC-EAB5-41A9-951F-F6E714099941}
		{D5436D18-0841-4D6F-BC9C-867E87B01979} = {D55E4790-B548-449D-B3E0-DEEB162660A3}
		{507686BF-9EF1-41BF-835E-1BEBD7787A0B} = {589F195F-F837-4881-823A-6F8C701FDD78}
		{1D242C29-0689-45C0-AE90-BE6B4A2B9305} = {507686BF-9EF1-41BF-835E-1BEBD7787A0B}
		{BDDD9A1D-81DB-4330-8874-D0555AFEE318} = {589F195F-F837-4881-823A-6F8C701FDD78}
		{180948CB-8441-43C4-9DDD-612713ACAAC4} = {507686BF-9EF1-41BF-835E-1BEBD7787A0B}
		{4D8CCC23-E2FD-43EB-B50F-66DC63671981} = {A6DC360F-6FD4-4D74-B327-19D496EE91C4}
	EndGlobalSection
EndGlobal
