
Microsoft Visual Studio Solution File, Format Version 12.00
# Visual Studio 15
VisualStudioVersion = 15.0.26020.0
MinimumVisualStudioVersion = 10.0.40219.1
Project("{2150E333-8FDC-42A3-9474-1A3956D46DE8}") = "Data", "Data", "{9CE5E191-59F5-4CF7-BD87-A6F6628DCC6D}"
EndProject
Project("{2150E333-8FDC-42A3-9474-1A3956D46DE8}") = "DependencyResolver", "DependencyResolver", "{2AEA8C6C-8598-4AAF-967D-91E32A355BC2}"
EndProject
Project("{2150E333-8FDC-42A3-9474-1A3956D46DE8}") = "Domain", "Domain", "{57CD2C08-99D6-450A-8774-1DD054C6736C}"
EndProject
Project("{2150E333-8FDC-42A3-9474-1A3956D46DE8}") = "Http", "Http", "{782F473C-CD5D-49A0-9446-70B4A2ED5245}"
EndProject
Project("{2150E333-8FDC-42A3-9474-1A3956D46DE8}") = "Infrastructure", "Infrastructure", "{1CC5EEA5-02E4-493D-B2BF-B0C5E56DEFB6}"
EndProject
Project("{2150E333-8FDC-42A3-9474-1A3956D46DE8}") = "Messaging", "Messaging", "{9DCAE47E-8A04-4500-AF94-6D29D18D1518}"
EndProject
Project("{2150E333-8FDC-42A3-9474-1A3956D46DE8}") = "QueryService", "QueryService", "{EE9E96E0-AE46-4DBC-A717-D06018108F93}"
EndProject
Project("{FAE04EC0-301F-11D3-BF4B-00C04F79EFBC}") = "Playground.Core", "Playground.Core\Playground.Core.csproj", "{751BE90E-7BD6-46D5-9323-2098E6CCF1CA}"
EndProject
Project("{FAE04EC0-301F-11D3-BF4B-00C04F79EFBC}") = "Playground.Tests", "Playground.Tests\Playground.Tests.csproj", "{128691BD-75CA-4303-947D-B8D7062510EC}"
EndProject
Project("{2150E333-8FDC-42A3-9474-1A3956D46DE8}") = "Tests", "Tests", "{0E3E8672-3416-4B7E-9228-A881F84DCD11}"
EndProject
Project("{FAE04EC0-301F-11D3-BF4B-00C04F79EFBC}") = "Playground.Data.Contracts", "Playground.Data.Contracts\Playground.Data.Contracts.csproj", "{DB5F5DBE-547B-424E-ABB9-EA63327C8615}"
EndProject
Project("{FAE04EC0-301F-11D3-BF4B-00C04F79EFBC}") = "Playground.Data.Dapper", "Playground.Data.Dapper\Playground.Data.Dapper.csproj", "{7C3A5403-374A-4C0A-8E08-89E816D1B3ED}"
EndProject
Project("{2150E333-8FDC-42A3-9474-1A3956D46DE8}") = "Tests", "Tests", "{065F9197-F0FE-4C8E-95F9-815B40E6B95C}"
EndProject
Project("{FAE04EC0-301F-11D3-BF4B-00C04F79EFBC}") = "Playground.DependencyResolver.Contracts", "Playground.DependencyResolver.Contracts\Playground.DependencyResolver.Contracts.csproj", "{EED64DC6-A6B0-4DDD-9725-5A11021F4221}"
EndProject
Project("{FAE04EC0-301F-11D3-BF4B-00C04F79EFBC}") = "Playground.DependencyResolver.Autofac", "Playground.DependencyResolver.Autofac\Playground.DependencyResolver.Autofac.csproj", "{6BCA599F-A8C2-46F8-BF0D-3EB9DD1ABAEA}"
EndProject
Project("{2150E333-8FDC-42A3-9474-1A3956D46DE8}") = "Tests", "Tests", "{06672AA3-A4A1-49B9-A6AA-A72B1DD3A0EE}"
EndProject
Project("{FAE04EC0-301F-11D3-BF4B-00C04F79EFBC}") = "Playground.Domain", "Playground.Domain\Playground.Domain.csproj", "{66B417D5-A799-4DC8-BF29-904898CE2653}"
EndProject
Project("{FAE04EC0-301F-11D3-BF4B-00C04F79EFBC}") = "Playground.Domain.UnitTests", "Playground.Domain.UnitTests\Playground.Domain.UnitTests.csproj", "{A3B89895-154D-4EFF-8C12-8D43B8A66CB2}"
EndProject
Project("{FAE04EC0-301F-11D3-BF4B-00C04F79EFBC}") = "Playground.Api.Contracts", "Playground.Api.Contracts\Playground.Api.Contracts.csproj", "{25FF72BA-BF25-4E87-9312-9843D314D9CD}"
EndProject
Project("{FAE04EC0-301F-11D3-BF4B-00C04F79EFBC}") = "Playground.Http", "Playground.Http\Playground.Http.csproj", "{368AE9C9-D0CE-4093-A06B-B92E4F319869}"
EndProject
Project("{FAE04EC0-301F-11D3-BF4B-00C04F79EFBC}") = "Playground.Http.RestSharp", "Playground.Http.RestSharp\Playground.Http.RestSharp.csproj", "{7258B888-B807-42CA-8BD0-B064A1375F5A}"
EndProject
Project("{2150E333-8FDC-42A3-9474-1A3956D46DE8}") = "Logging", "Logging", "{DC5CD576-2B10-41C0-970F-B9573374E4A7}"
EndProject
Project("{2150E333-8FDC-42A3-9474-1A3956D46DE8}") = "Persistence", "Persistence", "{665724E3-1EAC-4A2D-B9CE-F1E7F659B144}"
EndProject
Project("{2150E333-8FDC-42A3-9474-1A3956D46DE8}") = "Rebus", "Rebus", "{88884871-DCE3-4BB4-B05E-9196FB2BD79B}"
EndProject
Project("{2150E333-8FDC-42A3-9474-1A3956D46DE8}") = "Serialization", "Serialization", "{94CCFAF6-2F7B-47C3-97C6-F24171084EA6}"
EndProject
Project("{2150E333-8FDC-42A3-9474-1A3956D46DE8}") = "Validation", "Validation", "{D5B1459D-BB60-4DA5-A277-C091AB981756}"
EndProject
Project("{2150E333-8FDC-42A3-9474-1A3956D46DE8}") = "Tests", "Tests", "{58088C9F-5773-4136-A1BB-70642975861F}"
EndProject
Project("{FAE04EC0-301F-11D3-BF4B-00C04F79EFBC}") = "Playground.Logging.Serilog", "Playground.Logging.Serilog\Playground.Logging.Serilog.csproj", "{18F24586-BA40-4760-9138-532F90A2C046}"
EndProject
Project("{FAE04EC0-301F-11D3-BF4B-00C04F79EFBC}") = "Playground.Logging.Serilog.Autofac", "Playground.Logging.Serilog.Autofac\Playground.Logging.Serilog.Autofac.csproj", "{F39FA2D4-6377-4BBB-AA96-3F7D23D5C593}"
EndProject
Project("{2150E333-8FDC-42A3-9474-1A3956D46DE8}") = "Tests", "Tests", "{AE0E6A10-A9CF-473E-9EB2-D87177CB7CDF}"
EndProject
Project("{2150E333-8FDC-42A3-9474-1A3956D46DE8}") = "Postgres", "Postgres", "{CE0A3592-79D3-4575-942D-30A13893ADEA}"
EndProject
Project("{FAE04EC0-301F-11D3-BF4B-00C04F79EFBC}") = "Playground.Domain.Persistence", "Playground.Domain.Persistence\Playground.Domain.Persistence.csproj", "{8D22C8A7-4C4F-472C-9DBA-43BD55DEB1E8}"
EndProject
Project("{2150E333-8FDC-42A3-9474-1A3956D46DE8}") = "SQLServer", "SQLServer", "{071E6631-3277-4513-AE1D-65BC2C12599E}"
EndProject
Project("{FAE04EC0-301F-11D3-BF4B-00C04F79EFBC}") = "Playground.Domain.Persistence.SQLServer", "Playground.Domain.Persistence.SQLServer\Playground.Domain.Persistence.SQLServer.csproj", "{F0BA79C3-3652-404B-BB12-B89EDD6451A3}"
EndProject
Project("{2150E333-8FDC-42A3-9474-1A3956D46DE8}") = "Tests", "Tests", "{CA1056D8-0289-41B2-8333-6B618ECB05E2}"
EndProject
Project("{2150E333-8FDC-42A3-9474-1A3956D46DE8}") = "Tests", "Tests", "{2010F3D4-F898-4B58-AF33-F7D2B99D0272}"
EndProject
Project("{FAE04EC0-301F-11D3-BF4B-00C04F79EFBC}") = "Playground.Domain.Persistence.SQLServer.UnitTests", "Playground.Domain.Persistence.SQLServer.UnitTests\Playground.Domain.Persistence.SQLServer.UnitTests.csproj", "{213FE2C5-2C33-4F03-A451-D77442E4F69E}"
EndProject
Project("{FAE04EC0-301F-11D3-BF4B-00C04F79EFBC}") = "Playground.Domain.Persistence.PostgreSQL", "Playground.Domain.Persistence.PostgreSQL\Playground.Domain.Persistence.PostgreSQL.csproj", "{BD5AB0DC-1289-4992-AB79-0665AF35C0F4}"
EndProject
Project("{FAE04EC0-301F-11D3-BF4B-00C04F79EFBC}") = "Playground.Domain.Persistence.PostgreSQL.Database", "Playground.Domain.Persistence.PostgreSQL.Database\Playground.Domain.Persistence.PostgreSQL.Database.csproj", "{E3CF5A67-2889-4E0B-9AE8-D9AB141FCBA4}"
EndProject
Project("{FAE04EC0-301F-11D3-BF4B-00C04F79EFBC}") = "Playground.Domain.Persistence.PostgreSQL.IntegrationTests", "Playground.Domain.Persistence.PostgreSQL.IntegrationTests\Playground.Domain.Persistence.PostgreSQL.IntegrationTests.csproj", "{4D8CCC23-E2FD-43EB-B50F-66DC63671981}"
EndProject
Project("{FAE04EC0-301F-11D3-BF4B-00C04F79EFBC}") = "Playground.Domain.Persistence.PostgreSQL.PerformanceTests", "Playground.Domain.Persistence.PostgreSQL.PerformanceTests\Playground.Domain.Persistence.PostgreSQL.PerformanceTests.csproj", "{972AC6D1-6CCD-4B30-B65A-8F24657A49B4}"
EndProject
Project("{FAE04EC0-301F-11D3-BF4B-00C04F79EFBC}") = "Playground.Domain.Persistence.UnitTests", "Playground.Domain.Persistence.UnitTests\Playground.Domain.Persistence.UnitTests.csproj", "{B53CB269-D3C0-4F7E-91AA-2C8C267C2274}"
EndProject
Project("{2150E333-8FDC-42A3-9474-1A3956D46DE8}") = "Tests", "Tests", "{E6FE12C0-A29A-4853-8271-899C024C630A}"
EndProject
Project("{FAE04EC0-301F-11D3-BF4B-00C04F79EFBC}") = "Playground.Messaging.Rebus", "Playground.Messaging.Rebus\Playground.Messaging.Rebus.csproj", "{07AE8EA0-BA36-4C78-BD67-E2C9979ABDEC}"
EndProject
Project("{FAE04EC0-301F-11D3-BF4B-00C04F79EFBC}") = "Playground.Messaging.Rebus.UnitTests", "Playground.Messaging.Rebus.UnitTests\Playground.Messaging.Rebus.UnitTests.csproj", "{9E6F7489-4855-4948-BFD2-8C06FEDDD222}"
EndProject
Project("{FAE04EC0-301F-11D3-BF4B-00C04F79EFBC}") = "Playground.Serialization.Json", "Playground.Serialization.Json\Playground.Serialization.Json.csproj", "{26D09033-3B33-4369-B74F-B143DE7B93B7}"
EndProject
Project("{2150E333-8FDC-42A3-9474-1A3956D46DE8}") = "Tests", "Tests", "{BC493FB8-96AF-4C01-9A32-7C0F93ABB5C3}"
EndProject
Project("{FAE04EC0-301F-11D3-BF4B-00C04F79EFBC}") = "Playground.Validation.Fluent", "Playground.Validation.Fluent\Playground.Validation.Fluent.csproj", "{FF96D419-AF67-4C68-827F-EA84DFDB815A}"
EndProject
Project("{FAE04EC0-301F-11D3-BF4B-00C04F79EFBC}") = "Playground.Validation.Fluent.Autofac", "Playground.Validation.Fluent.Autofac\Playground.Validation.Fluent.Autofac.csproj", "{BDDD9A1D-81DB-4330-8874-D0555AFEE318}"
EndProject
Project("{FAE04EC0-301F-11D3-BF4B-00C04F79EFBC}") = "Playground.Validation.Fluent.UnitTests", "Playground.Validation.Fluent.UnitTests\Playground.Validation.Fluent.UnitTests.csproj", "{1D242C29-0689-45C0-AE90-BE6B4A2B9305}"
EndProject
Project("{FAE04EC0-301F-11D3-BF4B-00C04F79EFBC}") = "Playground.Validation.Fluent.Autofac.UnitTests", "Playground.Validation.Fluent.Autofac.UnitTests\Playground.Validation.Fluent.Autofac.UnitTests.csproj", "{180948CB-8441-43C4-9DDD-612713ACAAC4}"
EndProject
Project("{2150E333-8FDC-42A3-9474-1A3956D46DE8}") = "Tests", "Tests", "{F3BC7418-7B4B-4325-96DC-AD042274D859}"
EndProject
Project("{FAE04EC0-301F-11D3-BF4B-00C04F79EFBC}") = "Playground.Messaging", "Playground.Messaging\Playground.Messaging.csproj", "{A15462E6-1F1A-40AD-9EDE-23127289CB6A}"
EndProject
Project("{FAE04EC0-301F-11D3-BF4B-00C04F79EFBC}") = "Playground.Messaging.Persistence", "Playground.Messaging.Persistence\Playground.Messaging.Persistence.csproj", "{AE4EB9F1-9803-4D54-BFA7-DA0953A5DC99}"
EndProject
Project("{FAE04EC0-301F-11D3-BF4B-00C04F79EFBC}") = "Playground.Messaging.Persistence.UnitTests", "Playground.Messaging.Persistence.UnitTests\Playground.Messaging.Persistence.UnitTests.csproj", "{67B9B2D0-BD2A-4884-AFD7-484D866FE8B6}"
EndProject
Project("{2150E333-8FDC-42A3-9474-1A3956D46DE8}") = "Tests", "Tests", "{0F85B703-B405-46FE-A1CA-575506380F33}"
EndProject
Project("{FAE04EC0-301F-11D3-BF4B-00C04F79EFBC}") = "Playground.QueryService.Contracts", "Playground.QueryService.Contracts\Playground.QueryService.Contracts.csproj", "{A0E4096A-8D47-4167-9669-A7B8D2C1ADB8}"
EndProject
Project("{FAE04EC0-301F-11D3-BF4B-00C04F79EFBC}") = "Playground.QueryService.InMemory", "Playground.QueryService.InMemory\Playground.QueryService.InMemory.csproj", "{5214DBFD-7781-4B03-AFF4-368CF634835B}"
EndProject
Project("{FAE04EC0-301F-11D3-BF4B-00C04F79EFBC}") = "Playground.QueryService.InMemory.Autofac", "Playground.QueryService.InMemory.Autofac\Playground.QueryService.InMemory.Autofac.csproj", "{ED175880-ECF4-4696-ABD0-B39AD38C27BB}"
EndProject
Project("{FAE04EC0-301F-11D3-BF4B-00C04F79EFBC}") = "Playground.QueryService.InMemory.UnitTests", "Playground.QueryService.InMemory.UnitTests\Playground.QueryService.InMemory.UnitTests.csproj", "{43A69474-6807-4F92-8762-967D974FDBD0}"
EndProject
Project("{FAE04EC0-301F-11D3-BF4B-00C04F79EFBC}") = "Playground.Domain.Persistence.PostgreSQL.TestsHelper", "Playground.Domain.Persistence.PostgreSQL.TestsHelper\Playground.Domain.Persistence.PostgreSQL.TestsHelper.csproj", "{DCB24172-E95F-4ABF-ABBC-BCFDA00168BE}"
EndProject
Project("{FAE04EC0-301F-11D3-BF4B-00C04F79EFBC}") = "Playground.Serialization.Jil", "Playground.Serialization.Jil\Playground.Serialization.Jil.csproj", "{D5436D18-0841-4D6F-BC9C-867E87B01979}"
EndProject
Project("{FAE04EC0-301F-11D3-BF4B-00C04F79EFBC}") = "Playground.Serialization.Newtonsoft", "Playground.Serialization.Newtonsoft\Playground.Serialization.Newtonsoft.csproj", "{CCFBCB9B-E386-4AB6-A425-C37DBC996FA3}"
EndProject
Global
	GlobalSection(SolutionConfigurationPlatforms) = preSolution
		Debug|Any CPU = Debug|Any CPU
		Release|Any CPU = Release|Any CPU
	EndGlobalSection
	GlobalSection(ProjectConfigurationPlatforms) = postSolution
		{751BE90E-7BD6-46D5-9323-2098E6CCF1CA}.Debug|Any CPU.ActiveCfg = Debug|Any CPU
		{751BE90E-7BD6-46D5-9323-2098E6CCF1CA}.Debug|Any CPU.Build.0 = Debug|Any CPU
		{751BE90E-7BD6-46D5-9323-2098E6CCF1CA}.Release|Any CPU.ActiveCfg = Release|Any CPU
		{751BE90E-7BD6-46D5-9323-2098E6CCF1CA}.Release|Any CPU.Build.0 = Release|Any CPU
		{128691BD-75CA-4303-947D-B8D7062510EC}.Debug|Any CPU.ActiveCfg = Debug|Any CPU
		{128691BD-75CA-4303-947D-B8D7062510EC}.Debug|Any CPU.Build.0 = Debug|Any CPU
		{128691BD-75CA-4303-947D-B8D7062510EC}.Release|Any CPU.ActiveCfg = Release|Any CPU
		{128691BD-75CA-4303-947D-B8D7062510EC}.Release|Any CPU.Build.0 = Release|Any CPU
		{DB5F5DBE-547B-424E-ABB9-EA63327C8615}.Debug|Any CPU.ActiveCfg = Debug|Any CPU
		{DB5F5DBE-547B-424E-ABB9-EA63327C8615}.Debug|Any CPU.Build.0 = Debug|Any CPU
		{DB5F5DBE-547B-424E-ABB9-EA63327C8615}.Release|Any CPU.ActiveCfg = Release|Any CPU
		{DB5F5DBE-547B-424E-ABB9-EA63327C8615}.Release|Any CPU.Build.0 = Release|Any CPU
		{7C3A5403-374A-4C0A-8E08-89E816D1B3ED}.Debug|Any CPU.ActiveCfg = Debug|Any CPU
		{7C3A5403-374A-4C0A-8E08-89E816D1B3ED}.Debug|Any CPU.Build.0 = Debug|Any CPU
		{7C3A5403-374A-4C0A-8E08-89E816D1B3ED}.Release|Any CPU.ActiveCfg = Release|Any CPU
		{7C3A5403-374A-4C0A-8E08-89E816D1B3ED}.Release|Any CPU.Build.0 = Release|Any CPU
		{EED64DC6-A6B0-4DDD-9725-5A11021F4221}.Debug|Any CPU.ActiveCfg = Debug|Any CPU
		{EED64DC6-A6B0-4DDD-9725-5A11021F4221}.Debug|Any CPU.Build.0 = Debug|Any CPU
		{EED64DC6-A6B0-4DDD-9725-5A11021F4221}.Release|Any CPU.ActiveCfg = Release|Any CPU
		{EED64DC6-A6B0-4DDD-9725-5A11021F4221}.Release|Any CPU.Build.0 = Release|Any CPU
		{6BCA599F-A8C2-46F8-BF0D-3EB9DD1ABAEA}.Debug|Any CPU.ActiveCfg = Debug|Any CPU
		{6BCA599F-A8C2-46F8-BF0D-3EB9DD1ABAEA}.Debug|Any CPU.Build.0 = Debug|Any CPU
		{6BCA599F-A8C2-46F8-BF0D-3EB9DD1ABAEA}.Release|Any CPU.ActiveCfg = Release|Any CPU
		{6BCA599F-A8C2-46F8-BF0D-3EB9DD1ABAEA}.Release|Any CPU.Build.0 = Release|Any CPU
		{66B417D5-A799-4DC8-BF29-904898CE2653}.Debug|Any CPU.ActiveCfg = Debug|Any CPU
		{66B417D5-A799-4DC8-BF29-904898CE2653}.Debug|Any CPU.Build.0 = Debug|Any CPU
		{66B417D5-A799-4DC8-BF29-904898CE2653}.Release|Any CPU.ActiveCfg = Release|Any CPU
		{66B417D5-A799-4DC8-BF29-904898CE2653}.Release|Any CPU.Build.0 = Release|Any CPU
		{A3B89895-154D-4EFF-8C12-8D43B8A66CB2}.Debug|Any CPU.ActiveCfg = Debug|Any CPU
		{A3B89895-154D-4EFF-8C12-8D43B8A66CB2}.Debug|Any CPU.Build.0 = Debug|Any CPU
		{A3B89895-154D-4EFF-8C12-8D43B8A66CB2}.Release|Any CPU.ActiveCfg = Release|Any CPU
		{A3B89895-154D-4EFF-8C12-8D43B8A66CB2}.Release|Any CPU.Build.0 = Release|Any CPU
		{25FF72BA-BF25-4E87-9312-9843D314D9CD}.Debug|Any CPU.ActiveCfg = Debug|Any CPU
		{25FF72BA-BF25-4E87-9312-9843D314D9CD}.Debug|Any CPU.Build.0 = Debug|Any CPU
		{25FF72BA-BF25-4E87-9312-9843D314D9CD}.Release|Any CPU.ActiveCfg = Release|Any CPU
		{25FF72BA-BF25-4E87-9312-9843D314D9CD}.Release|Any CPU.Build.0 = Release|Any CPU
		{368AE9C9-D0CE-4093-A06B-B92E4F319869}.Debug|Any CPU.ActiveCfg = Debug|Any CPU
		{368AE9C9-D0CE-4093-A06B-B92E4F319869}.Debug|Any CPU.Build.0 = Debug|Any CPU
		{368AE9C9-D0CE-4093-A06B-B92E4F319869}.Release|Any CPU.ActiveCfg = Release|Any CPU
		{368AE9C9-D0CE-4093-A06B-B92E4F319869}.Release|Any CPU.Build.0 = Release|Any CPU
		{7258B888-B807-42CA-8BD0-B064A1375F5A}.Debug|Any CPU.ActiveCfg = Debug|Any CPU
		{7258B888-B807-42CA-8BD0-B064A1375F5A}.Debug|Any CPU.Build.0 = Debug|Any CPU
		{7258B888-B807-42CA-8BD0-B064A1375F5A}.Release|Any CPU.ActiveCfg = Release|Any CPU
		{7258B888-B807-42CA-8BD0-B064A1375F5A}.Release|Any CPU.Build.0 = Release|Any CPU
		{18F24586-BA40-4760-9138-532F90A2C046}.Debug|Any CPU.ActiveCfg = Debug|Any CPU
		{18F24586-BA40-4760-9138-532F90A2C046}.Debug|Any CPU.Build.0 = Debug|Any CPU
		{18F24586-BA40-4760-9138-532F90A2C046}.Release|Any CPU.ActiveCfg = Release|Any CPU
		{18F24586-BA40-4760-9138-532F90A2C046}.Release|Any CPU.Build.0 = Release|Any CPU
		{F39FA2D4-6377-4BBB-AA96-3F7D23D5C593}.Debug|Any CPU.ActiveCfg = Debug|Any CPU
		{F39FA2D4-6377-4BBB-AA96-3F7D23D5C593}.Debug|Any CPU.Build.0 = Debug|Any CPU
		{F39FA2D4-6377-4BBB-AA96-3F7D23D5C593}.Release|Any CPU.ActiveCfg = Release|Any CPU
		{F39FA2D4-6377-4BBB-AA96-3F7D23D5C593}.Release|Any CPU.Build.0 = Release|Any CPU
		{8D22C8A7-4C4F-472C-9DBA-43BD55DEB1E8}.Debug|Any CPU.ActiveCfg = Debug|Any CPU
		{8D22C8A7-4C4F-472C-9DBA-43BD55DEB1E8}.Debug|Any CPU.Build.0 = Debug|Any CPU
		{8D22C8A7-4C4F-472C-9DBA-43BD55DEB1E8}.Release|Any CPU.ActiveCfg = Release|Any CPU
		{8D22C8A7-4C4F-472C-9DBA-43BD55DEB1E8}.Release|Any CPU.Build.0 = Release|Any CPU
		{F0BA79C3-3652-404B-BB12-B89EDD6451A3}.Debug|Any CPU.ActiveCfg = Debug|Any CPU
		{F0BA79C3-3652-404B-BB12-B89EDD6451A3}.Debug|Any CPU.Build.0 = Debug|Any CPU
		{F0BA79C3-3652-404B-BB12-B89EDD6451A3}.Release|Any CPU.ActiveCfg = Release|Any CPU
		{F0BA79C3-3652-404B-BB12-B89EDD6451A3}.Release|Any CPU.Build.0 = Release|Any CPU
		{213FE2C5-2C33-4F03-A451-D77442E4F69E}.Debug|Any CPU.ActiveCfg = Debug|Any CPU
		{213FE2C5-2C33-4F03-A451-D77442E4F69E}.Debug|Any CPU.Build.0 = Debug|Any CPU
		{213FE2C5-2C33-4F03-A451-D77442E4F69E}.Release|Any CPU.ActiveCfg = Release|Any CPU
		{213FE2C5-2C33-4F03-A451-D77442E4F69E}.Release|Any CPU.Build.0 = Release|Any CPU
		{BD5AB0DC-1289-4992-AB79-0665AF35C0F4}.Debug|Any CPU.ActiveCfg = Debug|Any CPU
		{BD5AB0DC-1289-4992-AB79-0665AF35C0F4}.Debug|Any CPU.Build.0 = Debug|Any CPU
		{BD5AB0DC-1289-4992-AB79-0665AF35C0F4}.Release|Any CPU.ActiveCfg = Release|Any CPU
		{BD5AB0DC-1289-4992-AB79-0665AF35C0F4}.Release|Any CPU.Build.0 = Release|Any CPU
		{E3CF5A67-2889-4E0B-9AE8-D9AB141FCBA4}.Debug|Any CPU.ActiveCfg = Debug|Any CPU
		{E3CF5A67-2889-4E0B-9AE8-D9AB141FCBA4}.Debug|Any CPU.Build.0 = Debug|Any CPU
		{E3CF5A67-2889-4E0B-9AE8-D9AB141FCBA4}.Release|Any CPU.ActiveCfg = Release|Any CPU
		{E3CF5A67-2889-4E0B-9AE8-D9AB141FCBA4}.Release|Any CPU.Build.0 = Release|Any CPU
		{4D8CCC23-E2FD-43EB-B50F-66DC63671981}.Debug|Any CPU.ActiveCfg = Debug|Any CPU
		{4D8CCC23-E2FD-43EB-B50F-66DC63671981}.Debug|Any CPU.Build.0 = Debug|Any CPU
		{4D8CCC23-E2FD-43EB-B50F-66DC63671981}.Release|Any CPU.ActiveCfg = Release|Any CPU
		{4D8CCC23-E2FD-43EB-B50F-66DC63671981}.Release|Any CPU.Build.0 = Release|Any CPU
		{972AC6D1-6CCD-4B30-B65A-8F24657A49B4}.Debug|Any CPU.ActiveCfg = Debug|Any CPU
		{972AC6D1-6CCD-4B30-B65A-8F24657A49B4}.Debug|Any CPU.Build.0 = Debug|Any CPU
		{972AC6D1-6CCD-4B30-B65A-8F24657A49B4}.Release|Any CPU.ActiveCfg = Release|Any CPU
		{972AC6D1-6CCD-4B30-B65A-8F24657A49B4}.Release|Any CPU.Build.0 = Release|Any CPU
		{B53CB269-D3C0-4F7E-91AA-2C8C267C2274}.Debug|Any CPU.ActiveCfg = Debug|Any CPU
		{B53CB269-D3C0-4F7E-91AA-2C8C267C2274}.Debug|Any CPU.Build.0 = Debug|Any CPU
		{B53CB269-D3C0-4F7E-91AA-2C8C267C2274}.Release|Any CPU.ActiveCfg = Release|Any CPU
		{B53CB269-D3C0-4F7E-91AA-2C8C267C2274}.Release|Any CPU.Build.0 = Release|Any CPU
		{07AE8EA0-BA36-4C78-BD67-E2C9979ABDEC}.Debug|Any CPU.ActiveCfg = Debug|Any CPU
		{07AE8EA0-BA36-4C78-BD67-E2C9979ABDEC}.Debug|Any CPU.Build.0 = Debug|Any CPU
		{07AE8EA0-BA36-4C78-BD67-E2C9979ABDEC}.Release|Any CPU.ActiveCfg = Release|Any CPU
		{07AE8EA0-BA36-4C78-BD67-E2C9979ABDEC}.Release|Any CPU.Build.0 = Release|Any CPU
		{9E6F7489-4855-4948-BFD2-8C06FEDDD222}.Debug|Any CPU.ActiveCfg = Debug|Any CPU
		{9E6F7489-4855-4948-BFD2-8C06FEDDD222}.Debug|Any CPU.Build.0 = Debug|Any CPU
		{9E6F7489-4855-4948-BFD2-8C06FEDDD222}.Release|Any CPU.ActiveCfg = Release|Any CPU
		{9E6F7489-4855-4948-BFD2-8C06FEDDD222}.Release|Any CPU.Build.0 = Release|Any CPU
		{26D09033-3B33-4369-B74F-B143DE7B93B7}.Debug|Any CPU.ActiveCfg = Debug|Any CPU
		{26D09033-3B33-4369-B74F-B143DE7B93B7}.Debug|Any CPU.Build.0 = Debug|Any CPU
		{26D09033-3B33-4369-B74F-B143DE7B93B7}.Release|Any CPU.ActiveCfg = Release|Any CPU
		{26D09033-3B33-4369-B74F-B143DE7B93B7}.Release|Any CPU.Build.0 = Release|Any CPU
		{FF96D419-AF67-4C68-827F-EA84DFDB815A}.Debug|Any CPU.ActiveCfg = Debug|Any CPU
		{FF96D419-AF67-4C68-827F-EA84DFDB815A}.Debug|Any CPU.Build.0 = Debug|Any CPU
		{FF96D419-AF67-4C68-827F-EA84DFDB815A}.Release|Any CPU.ActiveCfg = Release|Any CPU
		{FF96D419-AF67-4C68-827F-EA84DFDB815A}.Release|Any CPU.Build.0 = Release|Any CPU
		{BDDD9A1D-81DB-4330-8874-D0555AFEE318}.Debug|Any CPU.ActiveCfg = Debug|Any CPU
		{BDDD9A1D-81DB-4330-8874-D0555AFEE318}.Debug|Any CPU.Build.0 = Debug|Any CPU
		{BDDD9A1D-81DB-4330-8874-D0555AFEE318}.Release|Any CPU.ActiveCfg = Release|Any CPU
		{BDDD9A1D-81DB-4330-8874-D0555AFEE318}.Release|Any CPU.Build.0 = Release|Any CPU
		{1D242C29-0689-45C0-AE90-BE6B4A2B9305}.Debug|Any CPU.ActiveCfg = Debug|Any CPU
		{1D242C29-0689-45C0-AE90-BE6B4A2B9305}.Debug|Any CPU.Build.0 = Debug|Any CPU
		{1D242C29-0689-45C0-AE90-BE6B4A2B9305}.Release|Any CPU.ActiveCfg = Release|Any CPU
		{1D242C29-0689-45C0-AE90-BE6B4A2B9305}.Release|Any CPU.Build.0 = Release|Any CPU
		{180948CB-8441-43C4-9DDD-612713ACAAC4}.Debug|Any CPU.ActiveCfg = Debug|Any CPU
		{180948CB-8441-43C4-9DDD-612713ACAAC4}.Debug|Any CPU.Build.0 = Debug|Any CPU
		{180948CB-8441-43C4-9DDD-612713ACAAC4}.Release|Any CPU.ActiveCfg = Release|Any CPU
		{180948CB-8441-43C4-9DDD-612713ACAAC4}.Release|Any CPU.Build.0 = Release|Any CPU
		{A15462E6-1F1A-40AD-9EDE-23127289CB6A}.Debug|Any CPU.ActiveCfg = Debug|Any CPU
		{A15462E6-1F1A-40AD-9EDE-23127289CB6A}.Debug|Any CPU.Build.0 = Debug|Any CPU
		{A15462E6-1F1A-40AD-9EDE-23127289CB6A}.Release|Any CPU.ActiveCfg = Release|Any CPU
		{A15462E6-1F1A-40AD-9EDE-23127289CB6A}.Release|Any CPU.Build.0 = Release|Any CPU
		{AE4EB9F1-9803-4D54-BFA7-DA0953A5DC99}.Debug|Any CPU.ActiveCfg = Debug|Any CPU
		{AE4EB9F1-9803-4D54-BFA7-DA0953A5DC99}.Debug|Any CPU.Build.0 = Debug|Any CPU
		{AE4EB9F1-9803-4D54-BFA7-DA0953A5DC99}.Release|Any CPU.ActiveCfg = Release|Any CPU
		{AE4EB9F1-9803-4D54-BFA7-DA0953A5DC99}.Release|Any CPU.Build.0 = Release|Any CPU
		{67B9B2D0-BD2A-4884-AFD7-484D866FE8B6}.Debug|Any CPU.ActiveCfg = Debug|Any CPU
		{67B9B2D0-BD2A-4884-AFD7-484D866FE8B6}.Debug|Any CPU.Build.0 = Debug|Any CPU
		{67B9B2D0-BD2A-4884-AFD7-484D866FE8B6}.Release|Any CPU.ActiveCfg = Release|Any CPU
		{67B9B2D0-BD2A-4884-AFD7-484D866FE8B6}.Release|Any CPU.Build.0 = Release|Any CPU
		{A0E4096A-8D47-4167-9669-A7B8D2C1ADB8}.Debug|Any CPU.ActiveCfg = Debug|Any CPU
		{A0E4096A-8D47-4167-9669-A7B8D2C1ADB8}.Debug|Any CPU.Build.0 = Debug|Any CPU
		{A0E4096A-8D47-4167-9669-A7B8D2C1ADB8}.Release|Any CPU.ActiveCfg = Release|Any CPU
		{A0E4096A-8D47-4167-9669-A7B8D2C1ADB8}.Release|Any CPU.Build.0 = Release|Any CPU
		{5214DBFD-7781-4B03-AFF4-368CF634835B}.Debug|Any CPU.ActiveCfg = Debug|Any CPU
		{5214DBFD-7781-4B03-AFF4-368CF634835B}.Debug|Any CPU.Build.0 = Debug|Any CPU
		{5214DBFD-7781-4B03-AFF4-368CF634835B}.Release|Any CPU.ActiveCfg = Release|Any CPU
		{5214DBFD-7781-4B03-AFF4-368CF634835B}.Release|Any CPU.Build.0 = Release|Any CPU
		{ED175880-ECF4-4696-ABD0-B39AD38C27BB}.Debug|Any CPU.ActiveCfg = Debug|Any CPU
		{ED175880-ECF4-4696-ABD0-B39AD38C27BB}.Debug|Any CPU.Build.0 = Debug|Any CPU
		{ED175880-ECF4-4696-ABD0-B39AD38C27BB}.Release|Any CPU.ActiveCfg = Release|Any CPU
		{ED175880-ECF4-4696-ABD0-B39AD38C27BB}.Release|Any CPU.Build.0 = Release|Any CPU
		{43A69474-6807-4F92-8762-967D974FDBD0}.Debug|Any CPU.ActiveCfg = Debug|Any CPU
		{43A69474-6807-4F92-8762-967D974FDBD0}.Debug|Any CPU.Build.0 = Debug|Any CPU
		{43A69474-6807-4F92-8762-967D974FDBD0}.Release|Any CPU.ActiveCfg = Release|Any CPU
		{43A69474-6807-4F92-8762-967D974FDBD0}.Release|Any CPU.Build.0 = Release|Any CPU
		{DCB24172-E95F-4ABF-ABBC-BCFDA00168BE}.Debug|Any CPU.ActiveCfg = Debug|Any CPU
		{DCB24172-E95F-4ABF-ABBC-BCFDA00168BE}.Debug|Any CPU.Build.0 = Debug|Any CPU
		{DCB24172-E95F-4ABF-ABBC-BCFDA00168BE}.Release|Any CPU.ActiveCfg = Release|Any CPU
		{DCB24172-E95F-4ABF-ABBC-BCFDA00168BE}.Release|Any CPU.Build.0 = Release|Any CPU
		{D5436D18-0841-4D6F-BC9C-867E87B01979}.Debug|Any CPU.ActiveCfg = Debug|Any CPU
		{D5436D18-0841-4D6F-BC9C-867E87B01979}.Debug|Any CPU.Build.0 = Debug|Any CPU
		{D5436D18-0841-4D6F-BC9C-867E87B01979}.Release|Any CPU.ActiveCfg = Release|Any CPU
		{D5436D18-0841-4D6F-BC9C-867E87B01979}.Release|Any CPU.Build.0 = Release|Any CPU
		{CCFBCB9B-E386-4AB6-A425-C37DBC996FA3}.Debug|Any CPU.ActiveCfg = Debug|Any CPU
		{CCFBCB9B-E386-4AB6-A425-C37DBC996FA3}.Debug|Any CPU.Build.0 = Debug|Any CPU
		{CCFBCB9B-E386-4AB6-A425-C37DBC996FA3}.Release|Any CPU.ActiveCfg = Release|Any CPU
		{CCFBCB9B-E386-4AB6-A425-C37DBC996FA3}.Release|Any CPU.Build.0 = Release|Any CPU
	EndGlobalSection
	GlobalSection(SolutionProperties) = preSolution
		HideSolutionNode = FALSE
	EndGlobalSection
	GlobalSection(NestedProjects) = preSolution
		{0E3E8672-3416-4B7E-9228-A881F84DCD11} = {9CE5E191-59F5-4CF7-BD87-A6F6628DCC6D}
		{DB5F5DBE-547B-424E-ABB9-EA63327C8615} = {9CE5E191-59F5-4CF7-BD87-A6F6628DCC6D}
		{7C3A5403-374A-4C0A-8E08-89E816D1B3ED} = {9CE5E191-59F5-4CF7-BD87-A6F6628DCC6D}
		{065F9197-F0FE-4C8E-95F9-815B40E6B95C} = {2AEA8C6C-8598-4AAF-967D-91E32A355BC2}
		{EED64DC6-A6B0-4DDD-9725-5A11021F4221} = {2AEA8C6C-8598-4AAF-967D-91E32A355BC2}
		{6BCA599F-A8C2-46F8-BF0D-3EB9DD1ABAEA} = {2AEA8C6C-8598-4AAF-967D-91E32A355BC2}
		{06672AA3-A4A1-49B9-A6AA-A72B1DD3A0EE} = {57CD2C08-99D6-450A-8774-1DD054C6736C}
		{66B417D5-A799-4DC8-BF29-904898CE2653} = {57CD2C08-99D6-450A-8774-1DD054C6736C}
		{A3B89895-154D-4EFF-8C12-8D43B8A66CB2} = {06672AA3-A4A1-49B9-A6AA-A72B1DD3A0EE}
		{25FF72BA-BF25-4E87-9312-9843D314D9CD} = {782F473C-CD5D-49A0-9446-70B4A2ED5245}
		{368AE9C9-D0CE-4093-A06B-B92E4F319869} = {782F473C-CD5D-49A0-9446-70B4A2ED5245}
		{7258B888-B807-42CA-8BD0-B064A1375F5A} = {782F473C-CD5D-49A0-9446-70B4A2ED5245}
		{DC5CD576-2B10-41C0-970F-B9573374E4A7} = {1CC5EEA5-02E4-493D-B2BF-B0C5E56DEFB6}
		{665724E3-1EAC-4A2D-B9CE-F1E7F659B144} = {1CC5EEA5-02E4-493D-B2BF-B0C5E56DEFB6}
		{88884871-DCE3-4BB4-B05E-9196FB2BD79B} = {1CC5EEA5-02E4-493D-B2BF-B0C5E56DEFB6}
		{94CCFAF6-2F7B-47C3-97C6-F24171084EA6} = {1CC5EEA5-02E4-493D-B2BF-B0C5E56DEFB6}
		{D5B1459D-BB60-4DA5-A277-C091AB981756} = {1CC5EEA5-02E4-493D-B2BF-B0C5E56DEFB6}
		{58088C9F-5773-4136-A1BB-70642975861F} = {DC5CD576-2B10-41C0-970F-B9573374E4A7}
		{18F24586-BA40-4760-9138-532F90A2C046} = {DC5CD576-2B10-41C0-970F-B9573374E4A7}
		{F39FA2D4-6377-4BBB-AA96-3F7D23D5C593} = {DC5CD576-2B10-41C0-970F-B9573374E4A7}
		{AE0E6A10-A9CF-473E-9EB2-D87177CB7CDF} = {665724E3-1EAC-4A2D-B9CE-F1E7F659B144}
		{CE0A3592-79D3-4575-942D-30A13893ADEA} = {665724E3-1EAC-4A2D-B9CE-F1E7F659B144}
		{8D22C8A7-4C4F-472C-9DBA-43BD55DEB1E8} = {665724E3-1EAC-4A2D-B9CE-F1E7F659B144}
		{071E6631-3277-4513-AE1D-65BC2C12599E} = {665724E3-1EAC-4A2D-B9CE-F1E7F659B144}
		{F0BA79C3-3652-404B-BB12-B89EDD6451A3} = {071E6631-3277-4513-AE1D-65BC2C12599E}
		{CA1056D8-0289-41B2-8333-6B618ECB05E2} = {CE0A3592-79D3-4575-942D-30A13893ADEA}
		{2010F3D4-F898-4B58-AF33-F7D2B99D0272} = {071E6631-3277-4513-AE1D-65BC2C12599E}
		{213FE2C5-2C33-4F03-A451-D77442E4F69E} = {2010F3D4-F898-4B58-AF33-F7D2B99D0272}
		{BD5AB0DC-1289-4992-AB79-0665AF35C0F4} = {CE0A3592-79D3-4575-942D-30A13893ADEA}
		{E3CF5A67-2889-4E0B-9AE8-D9AB141FCBA4} = {CE0A3592-79D3-4575-942D-30A13893ADEA}
		{4D8CCC23-E2FD-43EB-B50F-66DC63671981} = {CA1056D8-0289-41B2-8333-6B618ECB05E2}
		{972AC6D1-6CCD-4B30-B65A-8F24657A49B4} = {CA1056D8-0289-41B2-8333-6B618ECB05E2}
		{B53CB269-D3C0-4F7E-91AA-2C8C267C2274} = {AE0E6A10-A9CF-473E-9EB2-D87177CB7CDF}
		{E6FE12C0-A29A-4853-8271-899C024C630A} = {88884871-DCE3-4BB4-B05E-9196FB2BD79B}
		{07AE8EA0-BA36-4C78-BD67-E2C9979ABDEC} = {88884871-DCE3-4BB4-B05E-9196FB2BD79B}
		{9E6F7489-4855-4948-BFD2-8C06FEDDD222} = {E6FE12C0-A29A-4853-8271-899C024C630A}
		{26D09033-3B33-4369-B74F-B143DE7B93B7} = {94CCFAF6-2F7B-47C3-97C6-F24171084EA6}
		{BC493FB8-96AF-4C01-9A32-7C0F93ABB5C3} = {D5B1459D-BB60-4DA5-A277-C091AB981756}
		{FF96D419-AF67-4C68-827F-EA84DFDB815A} = {D5B1459D-BB60-4DA5-A277-C091AB981756}
		{BDDD9A1D-81DB-4330-8874-D0555AFEE318} = {D5B1459D-BB60-4DA5-A277-C091AB981756}
		{1D242C29-0689-45C0-AE90-BE6B4A2B9305} = {BC493FB8-96AF-4C01-9A32-7C0F93ABB5C3}
		{180948CB-8441-43C4-9DDD-612713ACAAC4} = {BC493FB8-96AF-4C01-9A32-7C0F93ABB5C3}
		{F3BC7418-7B4B-4325-96DC-AD042274D859} = {9DCAE47E-8A04-4500-AF94-6D29D18D1518}
		{A15462E6-1F1A-40AD-9EDE-23127289CB6A} = {9DCAE47E-8A04-4500-AF94-6D29D18D1518}
		{AE4EB9F1-9803-4D54-BFA7-DA0953A5DC99} = {9DCAE47E-8A04-4500-AF94-6D29D18D1518}
		{67B9B2D0-BD2A-4884-AFD7-484D866FE8B6} = {F3BC7418-7B4B-4325-96DC-AD042274D859}
		{0F85B703-B405-46FE-A1CA-575506380F33} = {EE9E96E0-AE46-4DBC-A717-D06018108F93}
		{A0E4096A-8D47-4167-9669-A7B8D2C1ADB8} = {EE9E96E0-AE46-4DBC-A717-D06018108F93}
		{5214DBFD-7781-4B03-AFF4-368CF634835B} = {EE9E96E0-AE46-4DBC-A717-D06018108F93}
		{ED175880-ECF4-4696-ABD0-B39AD38C27BB} = {EE9E96E0-AE46-4DBC-A717-D06018108F93}
		{43A69474-6807-4F92-8762-967D974FDBD0} = {0F85B703-B405-46FE-A1CA-575506380F33}
		{DCB24172-E95F-4ABF-ABBC-BCFDA00168BE} = {CA1056D8-0289-41B2-8333-6B618ECB05E2}
		{D5436D18-0841-4D6F-BC9C-867E87B01979} = {94CCFAF6-2F7B-47C3-97C6-F24171084EA6}
		{CCFBCB9B-E386-4AB6-A425-C37DBC996FA3} = {94CCFAF6-2F7B-47C3-97C6-F24171084EA6}
	EndGlobalSection
EndGlobal
